// !$*UTF8*$!
{
	archiveVersion = 1;
	classes = {
	};
	objectVersion = 46;
	objects = {

/* Begin PBXBuildFile section */
		276C4C9814DEE94D00C469A6 /* CoreMotion.framework in Frameworks */ = {isa = PBXBuildFile; fileRef = 276C4C9714DEE94D00C469A6 /* CoreMotion.framework */; };
		276C4C9B14DEF4FF00C469A6 /* DatabaseActions.m in Sources */ = {isa = PBXBuildFile; fileRef = 276C4C9A14DEF4FF00C469A6 /* DatabaseActions.m */; };
		2775F53115067E9E00FE08BC /* WebViewController.m in Sources */ = {isa = PBXBuildFile; fileRef = 2775F53015067E9E00FE08BC /* WebViewController.m */; };
		2775F55115068A7900FE08BC /* NTI_GraphMenuIcon.png in Resources */ = {isa = PBXBuildFile; fileRef = 2775F54B15068A7900FE08BC /* NTI_GraphMenuIcon.png */; };
		2775F55215068A7900FE08BC /* NTI_GraphMenuIcon@2x.png in Resources */ = {isa = PBXBuildFile; fileRef = 2775F54C15068A7900FE08BC /* NTI_GraphMenuIcon@2x.png */; };
		2775F55315068A7900FE08BC /* NTI_MapMenuIcon.png in Resources */ = {isa = PBXBuildFile; fileRef = 2775F54D15068A7900FE08BC /* NTI_MapMenuIcon.png */; };
		2775F55415068A7900FE08BC /* NTI_MapMenuIcon@2x.png in Resources */ = {isa = PBXBuildFile; fileRef = 2775F54E15068A7900FE08BC /* NTI_MapMenuIcon@2x.png */; };
		2775F55515068A7900FE08BC /* NTI_StatMenuIcon.png in Resources */ = {isa = PBXBuildFile; fileRef = 2775F54F15068A7900FE08BC /* NTI_StatMenuIcon.png */; };
		2775F55615068A7900FE08BC /* NTI_StatMenuIcon@2x.png in Resources */ = {isa = PBXBuildFile; fileRef = 2775F55015068A7900FE08BC /* NTI_StatMenuIcon@2x.png */; };
		2775F5601507D01900FE08BC /* MainStoryboard.storyboard in Resources */ = {isa = PBXBuildFile; fileRef = 2775F55E1507D01900FE08BC /* MainStoryboard.storyboard */; };
		2775F5641507D48C00FE08BC /* StatViewController.m in Sources */ = {isa = PBXBuildFile; fileRef = 2775F5631507D48C00FE08BC /* StatViewController.m */; };
		278FE5C6150CE2EE0098BA74 /* DatePickerViewController.m in Sources */ = {isa = PBXBuildFile; fileRef = 278FE5C5150CE2EE0098BA74 /* DatePickerViewController.m */; };
		27F218B114E8238000E22C44 /* Plot.m in Sources */ = {isa = PBXBuildFile; fileRef = 27F218B014E8238000E22C44 /* Plot.m */; };
		532A46991502623A0070340D /* CSVConverter.m in Sources */ = {isa = PBXBuildFile; fileRef = 532A46981502623A0070340D /* CSVConverter.m */; };
		5361751D1510FE6A00D290F1 /* Reachability.m in Sources */ = {isa = PBXBuildFile; fileRef = 5361751B1510FE6A00D290F1 /* Reachability.m */; };
		536175231511098000D290F1 /* SystemConfiguration.framework in Frameworks */ = {isa = PBXBuildFile; fileRef = 536175221511098000D290F1 /* SystemConfiguration.framework */; };
		536E026F14F00625003A2B15 /* compass.png in Resources */ = {isa = PBXBuildFile; fileRef = 536E026E14F00625003A2B15 /* compass.png */; };
		539B29BE14F305C3007E6977 /* gps.png in Resources */ = {isa = PBXBuildFile; fileRef = 539B29BC14F305C3007E6977 /* gps.png */; };
		539B29BF14F305C3007E6977 /* north.png in Resources */ = {isa = PBXBuildFile; fileRef = 539B29BD14F305C3007E6977 /* north.png */; };
		53AAF04B14FE2CF000E12486 /* ServerCommunication.m in Sources */ = {isa = PBXBuildFile; fileRef = 53AAF04A14FE2CF000E12486 /* ServerCommunication.m */; };
		53D8F580151DFC7C00589D67 /* HelpViewController.m in Sources */ = {isa = PBXBuildFile; fileRef = 53D8F57F151DFC7C00589D67 /* HelpViewController.m */; };
		53D8F584151E0EBA00589D67 /* IterviewViewController.m in Sources */ = {isa = PBXBuildFile; fileRef = 53D8F583151E0EBA00589D67 /* IterviewViewController.m */; };
		53E0A76B14DEC75D004E3E1B /* UIKit.framework in Frameworks */ = {isa = PBXBuildFile; fileRef = 53E0A76A14DEC75D004E3E1B /* UIKit.framework */; };
		53E0A76D14DEC75D004E3E1B /* Foundation.framework in Frameworks */ = {isa = PBXBuildFile; fileRef = 53E0A76C14DEC75D004E3E1B /* Foundation.framework */; };
		53E0A76F14DEC75D004E3E1B /* CoreGraphics.framework in Frameworks */ = {isa = PBXBuildFile; fileRef = 53E0A76E14DEC75D004E3E1B /* CoreGraphics.framework */; };
		53E0A77514DEC75D004E3E1B /* InfoPlist.strings in Resources */ = {isa = PBXBuildFile; fileRef = 53E0A77314DEC75D004E3E1B /* InfoPlist.strings */; };
		53E0A77714DEC75D004E3E1B /* main.m in Sources */ = {isa = PBXBuildFile; fileRef = 53E0A77614DEC75D004E3E1B /* main.m */; };
		53E0A77B14DEC75D004E3E1B /* AppDelegate.m in Sources */ = {isa = PBXBuildFile; fileRef = 53E0A77A14DEC75D004E3E1B /* AppDelegate.m */; };
		53E0A78114DEC75D004E3E1B /* DevelopViewController.m in Sources */ = {isa = PBXBuildFile; fileRef = 53E0A78014DEC75D004E3E1B /* DevelopViewController.m */; };
		53E0A78314DEC75D004E3E1B /* first.png in Resources */ = {isa = PBXBuildFile; fileRef = 53E0A78214DEC75D004E3E1B /* first.png */; };
		53E0A78514DEC75D004E3E1B /* first@2x.png in Resources */ = {isa = PBXBuildFile; fileRef = 53E0A78414DEC75D004E3E1B /* first@2x.png */; };
		53E0A78814DEC75D004E3E1B /* PlotViewController.m in Sources */ = {isa = PBXBuildFile; fileRef = 53E0A78714DEC75D004E3E1B /* PlotViewController.m */; };
		53E0A78A14DEC75D004E3E1B /* second.png in Resources */ = {isa = PBXBuildFile; fileRef = 53E0A78914DEC75D004E3E1B /* second.png */; };
		53E0A78C14DEC75D004E3E1B /* second@2x.png in Resources */ = {isa = PBXBuildFile; fileRef = 53E0A78B14DEC75D004E3E1B /* second@2x.png */; };
		53E0A79B14DEDE37004E3E1B /* CoreLocation.framework in Frameworks */ = {isa = PBXBuildFile; fileRef = 53E0A79A14DEDE37004E3E1B /* CoreLocation.framework */; };
		53E0A79E14DEDE6F004E3E1B /* libsqlite3.0.dylib in Frameworks */ = {isa = PBXBuildFile; fileRef = 53E0A79C14DEDE6F004E3E1B /* libsqlite3.0.dylib */; };
		53E0A79F14DEDE6F004E3E1B /* libsqlite3.dylib in Frameworks */ = {isa = PBXBuildFile; fileRef = 53E0A79D14DEDE6F004E3E1B /* libsqlite3.dylib */; };
		53E0A7D314E3035A004E3E1B /* toJSON.m in Sources */ = {isa = PBXBuildFile; fileRef = 53E0A7D214E3035A004E3E1B /* toJSON.m */; };
		53E0A7D814E45247004E3E1B /* FileController.m in Sources */ = {isa = PBXBuildFile; fileRef = 53E0A7D614E45247004E3E1B /* FileController.m */; };
		53E0A7FA14E69A3A004E3E1B /* CFNetwork.framework in Frameworks */ = {isa = PBXBuildFile; fileRef = 53E0A7F914E69A3A004E3E1B /* CFNetwork.framework */; };
		53E0A81F14E6AC6F004E3E1B /* MessageUI.framework in Frameworks */ = {isa = PBXBuildFile; fileRef = 53E0A81E14E6AC6F004E3E1B /* MessageUI.framework */; };
		53E0A82914E6DC49004E3E1B /* libz.1.2.5.dylib in Frameworks */ = {isa = PBXBuildFile; fileRef = 53E0A82814E6DC49004E3E1B /* libz.1.2.5.dylib */; };
		53E0A83814E6DDEB004E3E1B /* ioapi.c in Sources */ = {isa = PBXBuildFile; fileRef = 53E0A82E14E6DDEB004E3E1B /* ioapi.c */; };
		53E0A83914E6DDEB004E3E1B /* mztools.c in Sources */ = {isa = PBXBuildFile; fileRef = 53E0A83014E6DDEB004E3E1B /* mztools.c */; };
		53E0A83A14E6DDEB004E3E1B /* unzip.c in Sources */ = {isa = PBXBuildFile; fileRef = 53E0A83214E6DDEB004E3E1B /* unzip.c */; };
		53E0A83B14E6DDEB004E3E1B /* zip.c in Sources */ = {isa = PBXBuildFile; fileRef = 53E0A83414E6DDEB004E3E1B /* zip.c */; };
		53E0A83C14E6DDEB004E3E1B /* ZipArchive.mm in Sources */ = {isa = PBXBuildFile; fileRef = 53E0A83714E6DDEB004E3E1B /* ZipArchive.mm */; };
		53F0061515077DCB0074156E /* AuthViewController.m in Sources */ = {isa = PBXBuildFile; fileRef = 53F0061315077DCB0074156E /* AuthViewController.m */; };
		53F0061A15077F390074156E /* RegistrationViewController.m in Sources */ = {isa = PBXBuildFile; fileRef = 53F0061815077F380074156E /* RegistrationViewController.m */; };
		53F00626150784310074156E /* GoButton@2x.png in Resources */ = {isa = PBXBuildFile; fileRef = 53F00622150784310074156E /* GoButton@2x.png */; };
		53F00627150784310074156E /* GoButton.png in Resources */ = {isa = PBXBuildFile; fileRef = 53F00623150784310074156E /* GoButton.png */; };
		53F00628150784310074156E /* cButton.jpg in Resources */ = {isa = PBXBuildFile; fileRef = 53F00624150784310074156E /* cButton.jpg */; };
		53F00629150784310074156E /* Background.png in Resources */ = {isa = PBXBuildFile; fileRef = 53F00625150784310074156E /* Background.png */; };
		53F006321507A9350074156E /* FirstViewController.m in Sources */ = {isa = PBXBuildFile; fileRef = 53F006301507A9350074156E /* FirstViewController.m */; };
		53F006351507A94F0074156E /* first_screen.jpg in Resources */ = {isa = PBXBuildFile; fileRef = 53F006341507A94F0074156E /* first_screen.jpg */; };
		53F8832D1507E70F000F7FE3 /* EncryptionData.m in Sources */ = {isa = PBXBuildFile; fileRef = 53F883281507E70F000F7FE3 /* EncryptionData.m */; };
		53F8832E1507E70F000F7FE3 /* NSData+CommonCrypto.m in Sources */ = {isa = PBXBuildFile; fileRef = 53F8832C1507E70F000F7FE3 /* NSData+CommonCrypto.m */; };
		53F88364150A53D6000F7FE3 /* NSObject+SBJson.m in Sources */ = {isa = PBXBuildFile; fileRef = 53F8834E150A53D6000F7FE3 /* NSObject+SBJson.m */; };
		53F88365150A53D6000F7FE3 /* SBJsonParser.m in Sources */ = {isa = PBXBuildFile; fileRef = 53F88351150A53D6000F7FE3 /* SBJsonParser.m */; };
		53F88366150A53D6000F7FE3 /* SBJsonStreamParser.m in Sources */ = {isa = PBXBuildFile; fileRef = 53F88353150A53D6000F7FE3 /* SBJsonStreamParser.m */; };
		53F88367150A53D6000F7FE3 /* SBJsonStreamParserAccumulator.m in Sources */ = {isa = PBXBuildFile; fileRef = 53F88355150A53D6000F7FE3 /* SBJsonStreamParserAccumulator.m */; };
		53F88368150A53D6000F7FE3 /* SBJsonStreamParserState.m in Sources */ = {isa = PBXBuildFile; fileRef = 53F88357150A53D6000F7FE3 /* SBJsonStreamParserState.m */; };
		53F88369150A53D6000F7FE3 /* SBJsonStreamWriter.m in Sources */ = {isa = PBXBuildFile; fileRef = 53F88359150A53D6000F7FE3 /* SBJsonStreamWriter.m */; };
		53F8836A150A53D6000F7FE3 /* SBJsonStreamWriterAccumulator.m in Sources */ = {isa = PBXBuildFile; fileRef = 53F8835B150A53D6000F7FE3 /* SBJsonStreamWriterAccumulator.m */; };
		53F8836B150A53D6000F7FE3 /* SBJsonStreamWriterState.m in Sources */ = {isa = PBXBuildFile; fileRef = 53F8835D150A53D6000F7FE3 /* SBJsonStreamWriterState.m */; };
		53F8836C150A53D6000F7FE3 /* SBJsonTokeniser.m in Sources */ = {isa = PBXBuildFile; fileRef = 53F8835F150A53D6000F7FE3 /* SBJsonTokeniser.m */; };
		53F8836D150A53D6000F7FE3 /* SBJsonUTF8Stream.m in Sources */ = {isa = PBXBuildFile; fileRef = 53F88361150A53D6000F7FE3 /* SBJsonUTF8Stream.m */; };
		53F8836E150A53D6000F7FE3 /* SBJsonWriter.m in Sources */ = {isa = PBXBuildFile; fileRef = 53F88363150A53D6000F7FE3 /* SBJsonWriter.m */; };
		53F88371150B9740000F7FE3 /* log.sqlite in Resources */ = {isa = PBXBuildFile; fileRef = 53F88370150B9740000F7FE3 /* log.sqlite */; };
		53F88378150BD312000F7FE3 /* Record.m in Sources */ = {isa = PBXBuildFile; fileRef = 53F88377150BD311000F7FE3 /* Record.m */; };
/* End PBXBuildFile section */

/* Begin PBXFileReference section */
		276C4C9714DEE94D00C469A6 /* CoreMotion.framework */ = {isa = PBXFileReference; lastKnownFileType = wrapper.framework; name = CoreMotion.framework; path = System/Library/Frameworks/CoreMotion.framework; sourceTree = SDKROOT; };
		276C4C9914DEF4FF00C469A6 /* DatabaseActions.h */ = {isa = PBXFileReference; fileEncoding = 4; lastKnownFileType = sourcecode.c.h; path = DatabaseActions.h; sourceTree = "<group>"; };
		276C4C9A14DEF4FF00C469A6 /* DatabaseActions.m */ = {isa = PBXFileReference; fileEncoding = 4; lastKnownFileType = sourcecode.c.objc; path = DatabaseActions.m; sourceTree = "<group>"; };
		2775F52F15067E9E00FE08BC /* WebViewController.h */ = {isa = PBXFileReference; fileEncoding = 4; lastKnownFileType = sourcecode.c.h; path = WebViewController.h; sourceTree = "<group>"; };
		2775F53015067E9E00FE08BC /* WebViewController.m */ = {isa = PBXFileReference; fileEncoding = 4; lastKnownFileType = sourcecode.c.objc; path = WebViewController.m; sourceTree = "<group>"; };
		2775F54B15068A7900FE08BC /* NTI_GraphMenuIcon.png */ = {isa = PBXFileReference; lastKnownFileType = image.png; path = NTI_GraphMenuIcon.png; sourceTree = "<group>"; };
		2775F54C15068A7900FE08BC /* NTI_GraphMenuIcon@2x.png */ = {isa = PBXFileReference; lastKnownFileType = image.png; path = "NTI_GraphMenuIcon@2x.png"; sourceTree = "<group>"; };
		2775F54D15068A7900FE08BC /* NTI_MapMenuIcon.png */ = {isa = PBXFileReference; lastKnownFileType = image.png; path = NTI_MapMenuIcon.png; sourceTree = "<group>"; };
		2775F54E15068A7900FE08BC /* NTI_MapMenuIcon@2x.png */ = {isa = PBXFileReference; lastKnownFileType = image.png; path = "NTI_MapMenuIcon@2x.png"; sourceTree = "<group>"; };
		2775F54F15068A7900FE08BC /* NTI_StatMenuIcon.png */ = {isa = PBXFileReference; lastKnownFileType = image.png; path = NTI_StatMenuIcon.png; sourceTree = "<group>"; };
		2775F55015068A7900FE08BC /* NTI_StatMenuIcon@2x.png */ = {isa = PBXFileReference; lastKnownFileType = image.png; path = "NTI_StatMenuIcon@2x.png"; sourceTree = "<group>"; };
		2775F55F1507D01900FE08BC /* en */ = {isa = PBXFileReference; lastKnownFileType = file.storyboard; name = en; path = en.lproj/MainStoryboard.storyboard; sourceTree = "<group>"; };
		2775F5621507D48C00FE08BC /* StatViewController.h */ = {isa = PBXFileReference; fileEncoding = 4; lastKnownFileType = sourcecode.c.h; path = StatViewController.h; sourceTree = "<group>"; };
		2775F5631507D48C00FE08BC /* StatViewController.m */ = {isa = PBXFileReference; fileEncoding = 4; lastKnownFileType = sourcecode.c.objc; path = StatViewController.m; sourceTree = "<group>"; };
		278FE5C4150CE2EE0098BA74 /* DatePickerViewController.h */ = {isa = PBXFileReference; fileEncoding = 4; lastKnownFileType = sourcecode.c.h; path = DatePickerViewController.h; sourceTree = "<group>"; };
		278FE5C5150CE2EE0098BA74 /* DatePickerViewController.m */ = {isa = PBXFileReference; fileEncoding = 4; lastKnownFileType = sourcecode.c.objc; path = DatePickerViewController.m; sourceTree = "<group>"; };
		27F218AF14E8238000E22C44 /* Plot.h */ = {isa = PBXFileReference; fileEncoding = 4; lastKnownFileType = sourcecode.c.h; path = Plot.h; sourceTree = "<group>"; };
		27F218B014E8238000E22C44 /* Plot.m */ = {isa = PBXFileReference; fileEncoding = 4; lastKnownFileType = sourcecode.c.objc; path = Plot.m; sourceTree = "<group>"; };
		532A46971502623A0070340D /* CSVConverter.h */ = {isa = PBXFileReference; fileEncoding = 4; lastKnownFileType = sourcecode.c.h; path = CSVConverter.h; sourceTree = "<group>"; };
		532A46981502623A0070340D /* CSVConverter.m */ = {isa = PBXFileReference; fileEncoding = 4; lastKnownFileType = sourcecode.c.objc; path = CSVConverter.m; sourceTree = "<group>"; };
		5361751B1510FE6A00D290F1 /* Reachability.m */ = {isa = PBXFileReference; fileEncoding = 4; lastKnownFileType = sourcecode.c.objc; path = Reachability.m; sourceTree = "<group>"; };
		5361751C1510FE6A00D290F1 /* Reachability.h */ = {isa = PBXFileReference; fileEncoding = 4; lastKnownFileType = sourcecode.c.h; path = Reachability.h; sourceTree = "<group>"; };
		536175221511098000D290F1 /* SystemConfiguration.framework */ = {isa = PBXFileReference; lastKnownFileType = wrapper.framework; name = SystemConfiguration.framework; path = System/Library/Frameworks/SystemConfiguration.framework; sourceTree = SDKROOT; };
		536E026E14F00625003A2B15 /* compass.png */ = {isa = PBXFileReference; lastKnownFileType = image.png; path = compass.png; sourceTree = "<group>"; };
		539B29BC14F305C3007E6977 /* gps.png */ = {isa = PBXFileReference; lastKnownFileType = image.png; path = gps.png; sourceTree = "<group>"; };
		539B29BD14F305C3007E6977 /* north.png */ = {isa = PBXFileReference; lastKnownFileType = image.png; path = north.png; sourceTree = "<group>"; };
		53AAF04914FE2CF000E12486 /* ServerCommunication.h */ = {isa = PBXFileReference; fileEncoding = 4; lastKnownFileType = sourcecode.c.h; path = ServerCommunication.h; sourceTree = "<group>"; };
		53AAF04A14FE2CF000E12486 /* ServerCommunication.m */ = {isa = PBXFileReference; fileEncoding = 4; lastKnownFileType = sourcecode.c.objc; path = ServerCommunication.m; sourceTree = "<group>"; };
		53D8F57E151DFC7C00589D67 /* HelpViewController.h */ = {isa = PBXFileReference; fileEncoding = 4; lastKnownFileType = sourcecode.c.h; path = HelpViewController.h; sourceTree = "<group>"; };
		53D8F57F151DFC7C00589D67 /* HelpViewController.m */ = {isa = PBXFileReference; fileEncoding = 4; lastKnownFileType = sourcecode.c.objc; path = HelpViewController.m; sourceTree = "<group>"; };
		53D8F582151E0EBA00589D67 /* IterviewViewController.h */ = {isa = PBXFileReference; fileEncoding = 4; lastKnownFileType = sourcecode.c.h; path = IterviewViewController.h; sourceTree = "<group>"; };
		53D8F583151E0EBA00589D67 /* IterviewViewController.m */ = {isa = PBXFileReference; fileEncoding = 4; lastKnownFileType = sourcecode.c.objc; path = IterviewViewController.m; sourceTree = "<group>"; };
		53E0A76614DEC75D004E3E1B /* NTI.app */ = {isa = PBXFileReference; explicitFileType = wrapper.application; includeInIndex = 0; path = NTI.app; sourceTree = BUILT_PRODUCTS_DIR; };
		53E0A76A14DEC75D004E3E1B /* UIKit.framework */ = {isa = PBXFileReference; lastKnownFileType = wrapper.framework; name = UIKit.framework; path = System/Library/Frameworks/UIKit.framework; sourceTree = SDKROOT; };
		53E0A76C14DEC75D004E3E1B /* Foundation.framework */ = {isa = PBXFileReference; lastKnownFileType = wrapper.framework; name = Foundation.framework; path = System/Library/Frameworks/Foundation.framework; sourceTree = SDKROOT; };
		53E0A76E14DEC75D004E3E1B /* CoreGraphics.framework */ = {isa = PBXFileReference; lastKnownFileType = wrapper.framework; name = CoreGraphics.framework; path = System/Library/Frameworks/CoreGraphics.framework; sourceTree = SDKROOT; };
		53E0A77214DEC75D004E3E1B /* NTI-Info.plist */ = {isa = PBXFileReference; lastKnownFileType = text.plist.xml; path = "NTI-Info.plist"; sourceTree = "<group>"; };
		53E0A77414DEC75D004E3E1B /* en */ = {isa = PBXFileReference; lastKnownFileType = text.plist.strings; name = en; path = en.lproj/InfoPlist.strings; sourceTree = "<group>"; };
		53E0A77614DEC75D004E3E1B /* main.m */ = {isa = PBXFileReference; lastKnownFileType = sourcecode.c.objc; path = main.m; sourceTree = "<group>"; };
		53E0A77814DEC75D004E3E1B /* NTI-Prefix.pch */ = {isa = PBXFileReference; lastKnownFileType = sourcecode.c.h; path = "NTI-Prefix.pch"; sourceTree = "<group>"; };
		53E0A77914DEC75D004E3E1B /* AppDelegate.h */ = {isa = PBXFileReference; lastKnownFileType = sourcecode.c.h; path = AppDelegate.h; sourceTree = "<group>"; };
		53E0A77A14DEC75D004E3E1B /* AppDelegate.m */ = {isa = PBXFileReference; lastKnownFileType = sourcecode.c.objc; path = AppDelegate.m; sourceTree = "<group>"; };
		53E0A77F14DEC75D004E3E1B /* DevelopViewController.h */ = {isa = PBXFileReference; lastKnownFileType = sourcecode.c.h; path = DevelopViewController.h; sourceTree = "<group>"; };
		53E0A78014DEC75D004E3E1B /* DevelopViewController.m */ = {isa = PBXFileReference; lastKnownFileType = sourcecode.c.objc; path = DevelopViewController.m; sourceTree = "<group>"; };
		53E0A78214DEC75D004E3E1B /* first.png */ = {isa = PBXFileReference; lastKnownFileType = image.png; path = first.png; sourceTree = "<group>"; };
		53E0A78414DEC75D004E3E1B /* first@2x.png */ = {isa = PBXFileReference; lastKnownFileType = image.png; path = "first@2x.png"; sourceTree = "<group>"; };
		53E0A78614DEC75D004E3E1B /* PlotViewController.h */ = {isa = PBXFileReference; lastKnownFileType = sourcecode.c.h; path = PlotViewController.h; sourceTree = "<group>"; };
		53E0A78714DEC75D004E3E1B /* PlotViewController.m */ = {isa = PBXFileReference; lastKnownFileType = sourcecode.c.objc; path = PlotViewController.m; sourceTree = "<group>"; };
		53E0A78914DEC75D004E3E1B /* second.png */ = {isa = PBXFileReference; lastKnownFileType = image.png; path = second.png; sourceTree = "<group>"; };
		53E0A78B14DEC75D004E3E1B /* second@2x.png */ = {isa = PBXFileReference; lastKnownFileType = image.png; path = "second@2x.png"; sourceTree = "<group>"; };
		53E0A79A14DEDE37004E3E1B /* CoreLocation.framework */ = {isa = PBXFileReference; lastKnownFileType = wrapper.framework; name = CoreLocation.framework; path = System/Library/Frameworks/CoreLocation.framework; sourceTree = SDKROOT; };
		53E0A79C14DEDE6F004E3E1B /* libsqlite3.0.dylib */ = {isa = PBXFileReference; lastKnownFileType = "compiled.mach-o.dylib"; name = libsqlite3.0.dylib; path = usr/lib/libsqlite3.0.dylib; sourceTree = SDKROOT; };
		53E0A79D14DEDE6F004E3E1B /* libsqlite3.dylib */ = {isa = PBXFileReference; lastKnownFileType = "compiled.mach-o.dylib"; name = libsqlite3.dylib; path = usr/lib/libsqlite3.dylib; sourceTree = SDKROOT; };
		53E0A7D114E3035A004E3E1B /* toJSON.h */ = {isa = PBXFileReference; fileEncoding = 4; lastKnownFileType = sourcecode.c.h; path = toJSON.h; sourceTree = "<group>"; };
		53E0A7D214E3035A004E3E1B /* toJSON.m */ = {isa = PBXFileReference; fileEncoding = 4; lastKnownFileType = sourcecode.c.objc; path = toJSON.m; sourceTree = "<group>"; };
		53E0A7D614E45247004E3E1B /* FileController.m */ = {isa = PBXFileReference; fileEncoding = 4; lastKnownFileType = sourcecode.c.objc; path = FileController.m; sourceTree = "<group>"; };
		53E0A7D714E45247004E3E1B /* FileController.h */ = {isa = PBXFileReference; fileEncoding = 4; lastKnownFileType = sourcecode.c.h; path = FileController.h; sourceTree = "<group>"; };
		53E0A7F914E69A3A004E3E1B /* CFNetwork.framework */ = {isa = PBXFileReference; lastKnownFileType = wrapper.framework; name = CFNetwork.framework; path = System/Library/Frameworks/CFNetwork.framework; sourceTree = SDKROOT; };
		53E0A81E14E6AC6F004E3E1B /* MessageUI.framework */ = {isa = PBXFileReference; lastKnownFileType = wrapper.framework; name = MessageUI.framework; path = System/Library/Frameworks/MessageUI.framework; sourceTree = SDKROOT; };
		53E0A82814E6DC49004E3E1B /* libz.1.2.5.dylib */ = {isa = PBXFileReference; lastKnownFileType = "compiled.mach-o.dylib"; name = libz.1.2.5.dylib; path = usr/lib/libz.1.2.5.dylib; sourceTree = SDKROOT; };
		53E0A82D14E6DDEB004E3E1B /* crypt.h */ = {isa = PBXFileReference; fileEncoding = 4; lastKnownFileType = sourcecode.c.h; path = crypt.h; sourceTree = "<group>"; };
		53E0A82E14E6DDEB004E3E1B /* ioapi.c */ = {isa = PBXFileReference; fileEncoding = 4; lastKnownFileType = sourcecode.c.c; path = ioapi.c; sourceTree = "<group>"; };
		53E0A82F14E6DDEB004E3E1B /* ioapi.h */ = {isa = PBXFileReference; fileEncoding = 4; lastKnownFileType = sourcecode.c.h; path = ioapi.h; sourceTree = "<group>"; };
		53E0A83014E6DDEB004E3E1B /* mztools.c */ = {isa = PBXFileReference; fileEncoding = 4; lastKnownFileType = sourcecode.c.c; path = mztools.c; sourceTree = "<group>"; };
		53E0A83114E6DDEB004E3E1B /* mztools.h */ = {isa = PBXFileReference; fileEncoding = 4; lastKnownFileType = sourcecode.c.h; path = mztools.h; sourceTree = "<group>"; };
		53E0A83214E6DDEB004E3E1B /* unzip.c */ = {isa = PBXFileReference; fileEncoding = 4; lastKnownFileType = sourcecode.c.c; path = unzip.c; sourceTree = "<group>"; };
		53E0A83314E6DDEB004E3E1B /* unzip.h */ = {isa = PBXFileReference; fileEncoding = 4; lastKnownFileType = sourcecode.c.h; path = unzip.h; sourceTree = "<group>"; };
		53E0A83414E6DDEB004E3E1B /* zip.c */ = {isa = PBXFileReference; fileEncoding = 4; lastKnownFileType = sourcecode.c.c; path = zip.c; sourceTree = "<group>"; };
		53E0A83514E6DDEB004E3E1B /* zip.h */ = {isa = PBXFileReference; fileEncoding = 4; lastKnownFileType = sourcecode.c.h; path = zip.h; sourceTree = "<group>"; };
		53E0A83614E6DDEB004E3E1B /* ZipArchive.h */ = {isa = PBXFileReference; fileEncoding = 4; lastKnownFileType = sourcecode.c.h; path = ZipArchive.h; sourceTree = "<group>"; };
		53E0A83714E6DDEB004E3E1B /* ZipArchive.mm */ = {isa = PBXFileReference; fileEncoding = 4; lastKnownFileType = sourcecode.cpp.objcpp; path = ZipArchive.mm; sourceTree = "<group>"; };
		53F0061215077DCB0074156E /* AuthViewController.h */ = {isa = PBXFileReference; fileEncoding = 4; lastKnownFileType = sourcecode.c.h; name = AuthViewController.h; path = NTI/AuthViewController.h; sourceTree = "<group>"; };
		53F0061315077DCB0074156E /* AuthViewController.m */ = {isa = PBXFileReference; fileEncoding = 4; lastKnownFileType = sourcecode.c.objc; name = AuthViewController.m; path = NTI/AuthViewController.m; sourceTree = "<group>"; };
		53F0061715077F380074156E /* RegistrationViewController.h */ = {isa = PBXFileReference; fileEncoding = 4; lastKnownFileType = sourcecode.c.h; name = RegistrationViewController.h; path = NTI/RegistrationViewController.h; sourceTree = "<group>"; };
		53F0061815077F380074156E /* RegistrationViewController.m */ = {isa = PBXFileReference; fileEncoding = 4; lastKnownFileType = sourcecode.c.objc; name = RegistrationViewController.m; path = NTI/RegistrationViewController.m; sourceTree = "<group>"; };
		53F00622150784310074156E /* GoButton@2x.png */ = {isa = PBXFileReference; lastKnownFileType = image.png; name = "GoButton@2x.png"; path = "Images/GoButton@2x.png"; sourceTree = "<group>"; };
		53F00623150784310074156E /* GoButton.png */ = {isa = PBXFileReference; lastKnownFileType = image.png; name = GoButton.png; path = Images/GoButton.png; sourceTree = "<group>"; };
		53F00624150784310074156E /* cButton.jpg */ = {isa = PBXFileReference; lastKnownFileType = image.jpeg; name = cButton.jpg; path = Images/cButton.jpg; sourceTree = "<group>"; };
		53F00625150784310074156E /* Background.png */ = {isa = PBXFileReference; lastKnownFileType = image.png; name = Background.png; path = Images/Background.png; sourceTree = "<group>"; };
		53F0062F1507A9350074156E /* FirstViewController.h */ = {isa = PBXFileReference; fileEncoding = 4; lastKnownFileType = sourcecode.c.h; name = FirstViewController.h; path = NTI/FirstViewController.h; sourceTree = "<group>"; };
		53F006301507A9350074156E /* FirstViewController.m */ = {isa = PBXFileReference; fileEncoding = 4; lastKnownFileType = sourcecode.c.objc; name = FirstViewController.m; path = NTI/FirstViewController.m; sourceTree = "<group>"; };
		53F006341507A94F0074156E /* first_screen.jpg */ = {isa = PBXFileReference; lastKnownFileType = image.jpeg; name = first_screen.jpg; path = Images/first_screen.jpg; sourceTree = "<group>"; };
		53F883281507E70F000F7FE3 /* EncryptionData.m */ = {isa = PBXFileReference; fileEncoding = 4; lastKnownFileType = sourcecode.c.objc; name = EncryptionData.m; path = NTI/EncryptionData.m; sourceTree = "<group>"; };
		53F883291507E70F000F7FE3 /* EncryptionData.h */ = {isa = PBXFileReference; fileEncoding = 4; lastKnownFileType = sourcecode.c.h; name = EncryptionData.h; path = NTI/EncryptionData.h; sourceTree = "<group>"; };
		53F8832B1507E70F000F7FE3 /* NSData+CommonCrypto.h */ = {isa = PBXFileReference; fileEncoding = 4; lastKnownFileType = sourcecode.c.h; path = "NSData+CommonCrypto.h"; sourceTree = "<group>"; };
		53F8832C1507E70F000F7FE3 /* NSData+CommonCrypto.m */ = {isa = PBXFileReference; fileEncoding = 4; lastKnownFileType = sourcecode.c.objc; path = "NSData+CommonCrypto.m"; sourceTree = "<group>"; };
		53F8834D150A53D6000F7FE3 /* NSObject+SBJson.h */ = {isa = PBXFileReference; fileEncoding = 4; lastKnownFileType = sourcecode.c.h; path = "NSObject+SBJson.h"; sourceTree = "<group>"; };
		53F8834E150A53D6000F7FE3 /* NSObject+SBJson.m */ = {isa = PBXFileReference; fileEncoding = 4; lastKnownFileType = sourcecode.c.objc; path = "NSObject+SBJson.m"; sourceTree = "<group>"; };
		53F8834F150A53D6000F7FE3 /* SBJson.h */ = {isa = PBXFileReference; fileEncoding = 4; lastKnownFileType = sourcecode.c.h; path = SBJson.h; sourceTree = "<group>"; };
		53F88350150A53D6000F7FE3 /* SBJsonParser.h */ = {isa = PBXFileReference; fileEncoding = 4; lastKnownFileType = sourcecode.c.h; path = SBJsonParser.h; sourceTree = "<group>"; };
		53F88351150A53D6000F7FE3 /* SBJsonParser.m */ = {isa = PBXFileReference; fileEncoding = 4; lastKnownFileType = sourcecode.c.objc; path = SBJsonParser.m; sourceTree = "<group>"; };
		53F88352150A53D6000F7FE3 /* SBJsonStreamParser.h */ = {isa = PBXFileReference; fileEncoding = 4; lastKnownFileType = sourcecode.c.h; path = SBJsonStreamParser.h; sourceTree = "<group>"; };
		53F88353150A53D6000F7FE3 /* SBJsonStreamParser.m */ = {isa = PBXFileReference; fileEncoding = 4; lastKnownFileType = sourcecode.c.objc; path = SBJsonStreamParser.m; sourceTree = "<group>"; };
		53F88354150A53D6000F7FE3 /* SBJsonStreamParserAccumulator.h */ = {isa = PBXFileReference; fileEncoding = 4; lastKnownFileType = sourcecode.c.h; path = SBJsonStreamParserAccumulator.h; sourceTree = "<group>"; };
		53F88355150A53D6000F7FE3 /* SBJsonStreamParserAccumulator.m */ = {isa = PBXFileReference; fileEncoding = 4; lastKnownFileType = sourcecode.c.objc; path = SBJsonStreamParserAccumulator.m; sourceTree = "<group>"; };
		53F88356150A53D6000F7FE3 /* SBJsonStreamParserState.h */ = {isa = PBXFileReference; fileEncoding = 4; lastKnownFileType = sourcecode.c.h; path = SBJsonStreamParserState.h; sourceTree = "<group>"; };
		53F88357150A53D6000F7FE3 /* SBJsonStreamParserState.m */ = {isa = PBXFileReference; fileEncoding = 4; lastKnownFileType = sourcecode.c.objc; path = SBJsonStreamParserState.m; sourceTree = "<group>"; };
		53F88358150A53D6000F7FE3 /* SBJsonStreamWriter.h */ = {isa = PBXFileReference; fileEncoding = 4; lastKnownFileType = sourcecode.c.h; path = SBJsonStreamWriter.h; sourceTree = "<group>"; };
		53F88359150A53D6000F7FE3 /* SBJsonStreamWriter.m */ = {isa = PBXFileReference; fileEncoding = 4; lastKnownFileType = sourcecode.c.objc; path = SBJsonStreamWriter.m; sourceTree = "<group>"; };
		53F8835A150A53D6000F7FE3 /* SBJsonStreamWriterAccumulator.h */ = {isa = PBXFileReference; fileEncoding = 4; lastKnownFileType = sourcecode.c.h; path = SBJsonStreamWriterAccumulator.h; sourceTree = "<group>"; };
		53F8835B150A53D6000F7FE3 /* SBJsonStreamWriterAccumulator.m */ = {isa = PBXFileReference; fileEncoding = 4; lastKnownFileType = sourcecode.c.objc; path = SBJsonStreamWriterAccumulator.m; sourceTree = "<group>"; };
		53F8835C150A53D6000F7FE3 /* SBJsonStreamWriterState.h */ = {isa = PBXFileReference; fileEncoding = 4; lastKnownFileType = sourcecode.c.h; path = SBJsonStreamWriterState.h; sourceTree = "<group>"; };
		53F8835D150A53D6000F7FE3 /* SBJsonStreamWriterState.m */ = {isa = PBXFileReference; fileEncoding = 4; lastKnownFileType = sourcecode.c.objc; path = SBJsonStreamWriterState.m; sourceTree = "<group>"; };
		53F8835E150A53D6000F7FE3 /* SBJsonTokeniser.h */ = {isa = PBXFileReference; fileEncoding = 4; lastKnownFileType = sourcecode.c.h; path = SBJsonTokeniser.h; sourceTree = "<group>"; };
		53F8835F150A53D6000F7FE3 /* SBJsonTokeniser.m */ = {isa = PBXFileReference; fileEncoding = 4; lastKnownFileType = sourcecode.c.objc; path = SBJsonTokeniser.m; sourceTree = "<group>"; };
		53F88360150A53D6000F7FE3 /* SBJsonUTF8Stream.h */ = {isa = PBXFileReference; fileEncoding = 4; lastKnownFileType = sourcecode.c.h; path = SBJsonUTF8Stream.h; sourceTree = "<group>"; };
		53F88361150A53D6000F7FE3 /* SBJsonUTF8Stream.m */ = {isa = PBXFileReference; fileEncoding = 4; lastKnownFileType = sourcecode.c.objc; path = SBJsonUTF8Stream.m; sourceTree = "<group>"; };
		53F88362150A53D6000F7FE3 /* SBJsonWriter.h */ = {isa = PBXFileReference; fileEncoding = 4; lastKnownFileType = sourcecode.c.h; path = SBJsonWriter.h; sourceTree = "<group>"; };
		53F88363150A53D6000F7FE3 /* SBJsonWriter.m */ = {isa = PBXFileReference; fileEncoding = 4; lastKnownFileType = sourcecode.c.objc; path = SBJsonWriter.m; sourceTree = "<group>"; };
		53F88370150B9740000F7FE3 /* log.sqlite */ = {isa = PBXFileReference; lastKnownFileType = file; path = log.sqlite; sourceTree = "<group>"; };
		53F88376150BD310000F7FE3 /* Record.h */ = {isa = PBXFileReference; fileEncoding = 4; lastKnownFileType = sourcecode.c.h; path = Record.h; sourceTree = "<group>"; };
		53F88377150BD311000F7FE3 /* Record.m */ = {isa = PBXFileReference; fileEncoding = 4; lastKnownFileType = sourcecode.c.objc; path = Record.m; sourceTree = "<group>"; };
/* End PBXFileReference section */

/* Begin PBXFrameworksBuildPhase section */
		53E0A76314DEC75D004E3E1B /* Frameworks */ = {
			isa = PBXFrameworksBuildPhase;
			buildActionMask = 2147483647;
			files = (
				536175231511098000D290F1 /* SystemConfiguration.framework in Frameworks */,
				53E0A82914E6DC49004E3E1B /* libz.1.2.5.dylib in Frameworks */,
				53E0A81F14E6AC6F004E3E1B /* MessageUI.framework in Frameworks */,
				53E0A7FA14E69A3A004E3E1B /* CFNetwork.framework in Frameworks */,
				276C4C9814DEE94D00C469A6 /* CoreMotion.framework in Frameworks */,
				53E0A79E14DEDE6F004E3E1B /* libsqlite3.0.dylib in Frameworks */,
				53E0A79F14DEDE6F004E3E1B /* libsqlite3.dylib in Frameworks */,
				53E0A79B14DEDE37004E3E1B /* CoreLocation.framework in Frameworks */,
				53E0A76B14DEC75D004E3E1B /* UIKit.framework in Frameworks */,
				53E0A76D14DEC75D004E3E1B /* Foundation.framework in Frameworks */,
				53E0A76F14DEC75D004E3E1B /* CoreGraphics.framework in Frameworks */,
			);
			runOnlyForDeploymentPostprocessing = 0;
		};
/* End PBXFrameworksBuildPhase section */

/* Begin PBXGroup section */
		276C4C9014DEE6D500C469A6 /* ViewControllers */ = {
			isa = PBXGroup;
			children = (
				53D8F581151E0E8300589D67 /* Interview */,
				53D8F57C151DFC3400589D67 /* Help */,
				2775F55E1507D01900FE08BC /* MainStoryboard.storyboard */,
				27CE0BCB150CDEFF0016F4BA /* Statistic */,
				27CE0BCC150CDF0D0016F4BA /* Develop */,
				27CE0BCA150CDEEF0016F4BA /* Plot */,
				27CE0BC9150CDEE00016F4BA /* Map */,
				53F0062E1507A8EB0074156E /* Auth&Registration */,
			);
			name = ViewControllers;
			sourceTree = "<group>";
		};
		276C4C9214DEE6EA00C469A6 /* Images */ = {
			isa = PBXGroup;
			children = (
				53F006341507A94F0074156E /* first_screen.jpg */,
				53F00622150784310074156E /* GoButton@2x.png */,
				53F00623150784310074156E /* GoButton.png */,
				53F00624150784310074156E /* cButton.jpg */,
				53F00625150784310074156E /* Background.png */,
				2775F53615068A0300FE08BC /* TabBar Icons */,
				539B29BC14F305C3007E6977 /* gps.png */,
				539B29BD14F305C3007E6977 /* north.png */,
				536E026E14F00625003A2B15 /* compass.png */,
				53E0A78214DEC75D004E3E1B /* first.png */,
				53E0A78414DEC75D004E3E1B /* first@2x.png */,
				53E0A78914DEC75D004E3E1B /* second.png */,
				53E0A78B14DEC75D004E3E1B /* second@2x.png */,
			);
			name = Images;
			sourceTree = "<group>";
		};
		2775F53615068A0300FE08BC /* TabBar Icons */ = {
			isa = PBXGroup;
			children = (
				2775F54B15068A7900FE08BC /* NTI_GraphMenuIcon.png */,
				2775F54C15068A7900FE08BC /* NTI_GraphMenuIcon@2x.png */,
				2775F54D15068A7900FE08BC /* NTI_MapMenuIcon.png */,
				2775F54E15068A7900FE08BC /* NTI_MapMenuIcon@2x.png */,
				2775F54F15068A7900FE08BC /* NTI_StatMenuIcon.png */,
				2775F55015068A7900FE08BC /* NTI_StatMenuIcon@2x.png */,
			);
			name = "TabBar Icons";
			path = "Images/TabBar Icons";
			sourceTree = "<group>";
		};
		27CE0BC9150CDEE00016F4BA /* Map */ = {
			isa = PBXGroup;
			children = (
				2775F52F15067E9E00FE08BC /* WebViewController.h */,
				2775F53015067E9E00FE08BC /* WebViewController.m */,
				278FE5C4150CE2EE0098BA74 /* DatePickerViewController.h */,
				278FE5C5150CE2EE0098BA74 /* DatePickerViewController.m */,
			);
			name = Map;
			sourceTree = "<group>";
		};
		27CE0BCA150CDEEF0016F4BA /* Plot */ = {
			isa = PBXGroup;
			children = (
				53E0A78614DEC75D004E3E1B /* PlotViewController.h */,
				53E0A78714DEC75D004E3E1B /* PlotViewController.m */,
				27F218AF14E8238000E22C44 /* Plot.h */,
				27F218B014E8238000E22C44 /* Plot.m */,
			);
			name = Plot;
			sourceTree = "<group>";
		};
		27CE0BCB150CDEFF0016F4BA /* Statistic */ = {
			isa = PBXGroup;
			children = (
				2775F5621507D48C00FE08BC /* StatViewController.h */,
				2775F5631507D48C00FE08BC /* StatViewController.m */,
			);
			name = Statistic;
			sourceTree = "<group>";
		};
		27CE0BCC150CDF0D0016F4BA /* Develop */ = {
			isa = PBXGroup;
			children = (
				53E0A77F14DEC75D004E3E1B /* DevelopViewController.h */,
				53E0A78014DEC75D004E3E1B /* DevelopViewController.m */,
			);
			name = Develop;
			sourceTree = "<group>";
		};
		532A46951502621A0070340D /* CSV */ = {
			isa = PBXGroup;
			children = (
				532A46971502623A0070340D /* CSVConverter.h */,
				532A46981502623A0070340D /* CSVConverter.m */,
			);
			name = CSV;
			sourceTree = "<group>";
		};
		5361751A1510F8DB00D290F1 /* Reachability */ = {
			isa = PBXGroup;
			children = (
				5361751B1510FE6A00D290F1 /* Reachability.m */,
				5361751C1510FE6A00D290F1 /* Reachability.h */,
			);
			name = Reachability;
			sourceTree = "<group>";
		};
		53AAF04314FE26D700E12486 /* ServerCommunication */ = {
			isa = PBXGroup;
			children = (
				53AAF04914FE2CF000E12486 /* ServerCommunication.h */,
				53AAF04A14FE2CF000E12486 /* ServerCommunication.m */,
			);
			name = ServerCommunication;
			sourceTree = "<group>";
		};
		53D8F57C151DFC3400589D67 /* Help */ = {
			isa = PBXGroup;
			children = (
				53D8F57E151DFC7C00589D67 /* HelpViewController.h */,
				53D8F57F151DFC7C00589D67 /* HelpViewController.m */,
			);
			name = Help;
			sourceTree = "<group>";
		};
		53D8F581151E0E8300589D67 /* Interview */ = {
			isa = PBXGroup;
			children = (
				53D8F582151E0EBA00589D67 /* IterviewViewController.h */,
				53D8F583151E0EBA00589D67 /* IterviewViewController.m */,
			);
			name = Interview;
			sourceTree = "<group>";
		};
		53E0A75B14DEC75D004E3E1B = {
			isa = PBXGroup;
			children = (
				53E0A77014DEC75D004E3E1B /* NTI */,
				53E0A76914DEC75D004E3E1B /* Frameworks */,
				53E0A76714DEC75D004E3E1B /* Products */,
			);
			sourceTree = "<group>";
		};
		53E0A76714DEC75D004E3E1B /* Products */ = {
			isa = PBXGroup;
			children = (
				53E0A76614DEC75D004E3E1B /* NTI.app */,
			);
			name = Products;
			sourceTree = "<group>";
		};
		53E0A76914DEC75D004E3E1B /* Frameworks */ = {
			isa = PBXGroup;
			children = (
				536175221511098000D290F1 /* SystemConfiguration.framework */,
				53E0A82814E6DC49004E3E1B /* libz.1.2.5.dylib */,
				53E0A81E14E6AC6F004E3E1B /* MessageUI.framework */,
				53E0A7F914E69A3A004E3E1B /* CFNetwork.framework */,
				276C4C9714DEE94D00C469A6 /* CoreMotion.framework */,
				53E0A79A14DEDE37004E3E1B /* CoreLocation.framework */,
				53E0A76A14DEC75D004E3E1B /* UIKit.framework */,
				53E0A76C14DEC75D004E3E1B /* Foundation.framework */,
				53E0A76E14DEC75D004E3E1B /* CoreGraphics.framework */,
			);
			name = Frameworks;
			sourceTree = "<group>";
		};
		53E0A77014DEC75D004E3E1B /* NTI */ = {
			isa = PBXGroup;
			children = (
				5361751A1510F8DB00D290F1 /* Reachability */,
				53F8834C150A53D5000F7FE3 /* JSON framework */,
				532A46951502621A0070340D /* CSV */,
				53AAF04314FE26D700E12486 /* ServerCommunication */,
				53E0A82B14E6DDEB004E3E1B /* ZipArchive */,
				53E0A7D514E4522B004E3E1B /* FileController */,
				53E0A7D414E30385004E3E1B /* JSON */,
				53E0A7A014DEDE75004E3E1B /* DataBase */,
				53E0A77914DEC75D004E3E1B /* AppDelegate.h */,
				53E0A77A14DEC75D004E3E1B /* AppDelegate.m */,
				276C4C9014DEE6D500C469A6 /* ViewControllers */,
				276C4C9214DEE6EA00C469A6 /* Images */,
				53E0A77114DEC75D004E3E1B /* Supporting Files */,
			);
			path = NTI;
			sourceTree = "<group>";
		};
		53E0A77114DEC75D004E3E1B /* Supporting Files */ = {
			isa = PBXGroup;
			children = (
				53E0A77214DEC75D004E3E1B /* NTI-Info.plist */,
				53E0A77314DEC75D004E3E1B /* InfoPlist.strings */,
				53E0A77614DEC75D004E3E1B /* main.m */,
				53E0A77814DEC75D004E3E1B /* NTI-Prefix.pch */,
			);
			name = "Supporting Files";
			sourceTree = "<group>";
		};
		53E0A7A014DEDE75004E3E1B /* DataBase */ = {
			isa = PBXGroup;
			children = (
				53F88370150B9740000F7FE3 /* log.sqlite */,
				276C4C9914DEF4FF00C469A6 /* DatabaseActions.h */,
				276C4C9A14DEF4FF00C469A6 /* DatabaseActions.m */,
				53E0A79C14DEDE6F004E3E1B /* libsqlite3.0.dylib */,
				53E0A79D14DEDE6F004E3E1B /* libsqlite3.dylib */,
				53F88376150BD310000F7FE3 /* Record.h */,
				53F88377150BD311000F7FE3 /* Record.m */,
			);
			name = DataBase;
			sourceTree = "<group>";
		};
		53E0A7D414E30385004E3E1B /* JSON */ = {
			isa = PBXGroup;
			children = (
				53E0A7D114E3035A004E3E1B /* toJSON.h */,
				53E0A7D214E3035A004E3E1B /* toJSON.m */,
			);
			name = JSON;
			sourceTree = "<group>";
		};
		53E0A7D514E4522B004E3E1B /* FileController */ = {
			isa = PBXGroup;
			children = (
				53E0A7D614E45247004E3E1B /* FileController.m */,
				53E0A7D714E45247004E3E1B /* FileController.h */,
			);
			name = FileController;
			sourceTree = "<group>";
		};
		53E0A82B14E6DDEB004E3E1B /* ZipArchive */ = {
			isa = PBXGroup;
			children = (
				53E0A82C14E6DDEB004E3E1B /* minizip */,
				53E0A83614E6DDEB004E3E1B /* ZipArchive.h */,
				53E0A83714E6DDEB004E3E1B /* ZipArchive.mm */,
			);
			path = ZipArchive;
			sourceTree = "<group>";
		};
		53E0A82C14E6DDEB004E3E1B /* minizip */ = {
			isa = PBXGroup;
			children = (
				53E0A82D14E6DDEB004E3E1B /* crypt.h */,
				53E0A82E14E6DDEB004E3E1B /* ioapi.c */,
				53E0A82F14E6DDEB004E3E1B /* ioapi.h */,
				53E0A83014E6DDEB004E3E1B /* mztools.c */,
				53E0A83114E6DDEB004E3E1B /* mztools.h */,
				53E0A83214E6DDEB004E3E1B /* unzip.c */,
				53E0A83314E6DDEB004E3E1B /* unzip.h */,
				53E0A83414E6DDEB004E3E1B /* zip.c */,
				53E0A83514E6DDEB004E3E1B /* zip.h */,
			);
			path = minizip;
			sourceTree = "<group>";
		};
		53F0062E1507A8EB0074156E /* Auth&Registration */ = {
			isa = PBXGroup;
			children = (
				53F883221507E50E000F7FE3 /* Crypto */,
				53F0061715077F380074156E /* RegistrationViewController.h */,
				53F0061815077F380074156E /* RegistrationViewController.m */,
				53F0061215077DCB0074156E /* AuthViewController.h */,
				53F0061315077DCB0074156E /* AuthViewController.m */,
				53F0062F1507A9350074156E /* FirstViewController.h */,
				53F006301507A9350074156E /* FirstViewController.m */,
			);
			name = "Auth&Registration";
			path = ..;
			sourceTree = "<group>";
		};
		53F883221507E50E000F7FE3 /* Crypto */ = {
			isa = PBXGroup;
			children = (
				53F883281507E70F000F7FE3 /* EncryptionData.m */,
				53F883291507E70F000F7FE3 /* EncryptionData.h */,
				53F8832A1507E70F000F7FE3 /* CommonCrypto */,
			);
			name = Crypto;
			sourceTree = "<group>";
		};
		53F8832A1507E70F000F7FE3 /* CommonCrypto */ = {
			isa = PBXGroup;
			children = (
				53F8832B1507E70F000F7FE3 /* NSData+CommonCrypto.h */,
				53F8832C1507E70F000F7FE3 /* NSData+CommonCrypto.m */,
			);
			name = CommonCrypto;
			path = NTI/CommonCrypto;
			sourceTree = "<group>";
		};
		53F8834C150A53D5000F7FE3 /* JSON framework */ = {
			isa = PBXGroup;
			children = (
				53F8834D150A53D6000F7FE3 /* NSObject+SBJson.h */,
				53F8834E150A53D6000F7FE3 /* NSObject+SBJson.m */,
				53F8834F150A53D6000F7FE3 /* SBJson.h */,
				53F88350150A53D6000F7FE3 /* SBJsonParser.h */,
				53F88351150A53D6000F7FE3 /* SBJsonParser.m */,
				53F88352150A53D6000F7FE3 /* SBJsonStreamParser.h */,
				53F88353150A53D6000F7FE3 /* SBJsonStreamParser.m */,
				53F88354150A53D6000F7FE3 /* SBJsonStreamParserAccumulator.h */,
				53F88355150A53D6000F7FE3 /* SBJsonStreamParserAccumulator.m */,
				53F88356150A53D6000F7FE3 /* SBJsonStreamParserState.h */,
				53F88357150A53D6000F7FE3 /* SBJsonStreamParserState.m */,
				53F88358150A53D6000F7FE3 /* SBJsonStreamWriter.h */,
				53F88359150A53D6000F7FE3 /* SBJsonStreamWriter.m */,
				53F8835A150A53D6000F7FE3 /* SBJsonStreamWriterAccumulator.h */,
				53F8835B150A53D6000F7FE3 /* SBJsonStreamWriterAccumulator.m */,
				53F8835C150A53D6000F7FE3 /* SBJsonStreamWriterState.h */,
				53F8835D150A53D6000F7FE3 /* SBJsonStreamWriterState.m */,
				53F8835E150A53D6000F7FE3 /* SBJsonTokeniser.h */,
				53F8835F150A53D6000F7FE3 /* SBJsonTokeniser.m */,
				53F88360150A53D6000F7FE3 /* SBJsonUTF8Stream.h */,
				53F88361150A53D6000F7FE3 /* SBJsonUTF8Stream.m */,
				53F88362150A53D6000F7FE3 /* SBJsonWriter.h */,
				53F88363150A53D6000F7FE3 /* SBJsonWriter.m */,
			);
			path = "JSON framework";
			sourceTree = "<group>";
		};
/* End PBXGroup section */

/* Begin PBXNativeTarget section */
		53E0A76514DEC75D004E3E1B /* NTI */ = {
			isa = PBXNativeTarget;
			buildConfigurationList = 53E0A78F14DEC75D004E3E1B /* Build configuration list for PBXNativeTarget "NTI" */;
			buildPhases = (
				53E0A76214DEC75D004E3E1B /* Sources */,
				53E0A76314DEC75D004E3E1B /* Frameworks */,
				53E0A76414DEC75D004E3E1B /* Resources */,
				273B788715065660003F1A67 /* ShellScript */,
			);
			buildRules = (
			);
			dependencies = (
			);
			name = NTI;
			productName = NTI;
			productReference = 53E0A76614DEC75D004E3E1B /* NTI.app */;
			productType = "com.apple.product-type.application";
		};
/* End PBXNativeTarget section */

/* Begin PBXProject section */
		53E0A75D14DEC75D004E3E1B /* Project object */ = {
			isa = PBXProject;
			attributes = {
				LastUpgradeCheck = 0420;
			};
			buildConfigurationList = 53E0A76014DEC75D004E3E1B /* Build configuration list for PBXProject "NTI" */;
			compatibilityVersion = "Xcode 3.2";
			developmentRegion = English;
			hasScannedForEncodings = 0;
			knownRegions = (
				en,
			);
			mainGroup = 53E0A75B14DEC75D004E3E1B;
			productRefGroup = 53E0A76714DEC75D004E3E1B /* Products */;
			projectDirPath = "";
			projectRoot = "";
			targets = (
				53E0A76514DEC75D004E3E1B /* NTI */,
			);
		};
/* End PBXProject section */

/* Begin PBXResourcesBuildPhase section */
		53E0A76414DEC75D004E3E1B /* Resources */ = {
			isa = PBXResourcesBuildPhase;
			buildActionMask = 2147483647;
			files = (
				53E0A77514DEC75D004E3E1B /* InfoPlist.strings in Resources */,
				53E0A78314DEC75D004E3E1B /* first.png in Resources */,
				53E0A78514DEC75D004E3E1B /* first@2x.png in Resources */,
				53E0A78A14DEC75D004E3E1B /* second.png in Resources */,
				53E0A78C14DEC75D004E3E1B /* second@2x.png in Resources */,
				536E026F14F00625003A2B15 /* compass.png in Resources */,
				539B29BE14F305C3007E6977 /* gps.png in Resources */,
				539B29BF14F305C3007E6977 /* north.png in Resources */,
				2775F55115068A7900FE08BC /* NTI_GraphMenuIcon.png in Resources */,
				2775F55215068A7900FE08BC /* NTI_GraphMenuIcon@2x.png in Resources */,
				2775F55315068A7900FE08BC /* NTI_MapMenuIcon.png in Resources */,
				2775F55415068A7900FE08BC /* NTI_MapMenuIcon@2x.png in Resources */,
				2775F55515068A7900FE08BC /* NTI_StatMenuIcon.png in Resources */,
				2775F55615068A7900FE08BC /* NTI_StatMenuIcon@2x.png in Resources */,
				53F00626150784310074156E /* GoButton@2x.png in Resources */,
				53F00627150784310074156E /* GoButton.png in Resources */,
				53F00628150784310074156E /* cButton.jpg in Resources */,
				53F00629150784310074156E /* Background.png in Resources */,
				53F006351507A94F0074156E /* first_screen.jpg in Resources */,
				2775F5601507D01900FE08BC /* MainStoryboard.storyboard in Resources */,
				53F88371150B9740000F7FE3 /* log.sqlite in Resources */,
			);
			runOnlyForDeploymentPostprocessing = 0;
		};
/* End PBXResourcesBuildPhase section */

/* Begin PBXShellScriptBuildPhase section */
		273B788715065660003F1A67 /* ShellScript */ = {
			isa = PBXShellScriptBuildPhase;
			buildActionMask = 2147483647;
			files = (
			);
			inputPaths = (
			);
			outputPaths = (
			);
			runOnlyForDeploymentPostprocessing = 0;
			shellPath = /bin/sh;
			shellScript = "cd $SOURCE_ROOT;\nNUMBER_OF_COMMITS=`git rev-list --all | wc -l`;\n\n\n/usr/libexec/PlistBuddy -c \"Set :CFBundleVersion $NUMBER_OF_COMMITS\" NTI/NTI-Info.plist;";
		};
/* End PBXShellScriptBuildPhase section */

/* Begin PBXSourcesBuildPhase section */
		53E0A76214DEC75D004E3E1B /* Sources */ = {
			isa = PBXSourcesBuildPhase;
			buildActionMask = 2147483647;
			files = (
				53E0A77714DEC75D004E3E1B /* main.m in Sources */,
				53E0A77B14DEC75D004E3E1B /* AppDelegate.m in Sources */,
				53E0A78114DEC75D004E3E1B /* DevelopViewController.m in Sources */,
				53E0A78814DEC75D004E3E1B /* PlotViewController.m in Sources */,
				276C4C9B14DEF4FF00C469A6 /* DatabaseActions.m in Sources */,
				53E0A7D314E3035A004E3E1B /* toJSON.m in Sources */,
				53E0A7D814E45247004E3E1B /* FileController.m in Sources */,
				53E0A83814E6DDEB004E3E1B /* ioapi.c in Sources */,
				53E0A83914E6DDEB004E3E1B /* mztools.c in Sources */,
				53E0A83A14E6DDEB004E3E1B /* unzip.c in Sources */,
				53E0A83B14E6DDEB004E3E1B /* zip.c in Sources */,
				53E0A83C14E6DDEB004E3E1B /* ZipArchive.mm in Sources */,
				27F218B114E8238000E22C44 /* Plot.m in Sources */,
				53AAF04B14FE2CF000E12486 /* ServerCommunication.m in Sources */,
				532A46991502623A0070340D /* CSVConverter.m in Sources */,
				2775F53115067E9E00FE08BC /* WebViewController.m in Sources */,
				53F0061515077DCB0074156E /* AuthViewController.m in Sources */,
				53F0061A15077F390074156E /* RegistrationViewController.m in Sources */,
				53F006321507A9350074156E /* FirstViewController.m in Sources */,
				53F8832D1507E70F000F7FE3 /* EncryptionData.m in Sources */,
				53F8832E1507E70F000F7FE3 /* NSData+CommonCrypto.m in Sources */,
				2775F5641507D48C00FE08BC /* StatViewController.m in Sources */,
				278FE5C6150CE2EE0098BA74 /* DatePickerViewController.m in Sources */,
				53F88364150A53D6000F7FE3 /* NSObject+SBJson.m in Sources */,
				53F88365150A53D6000F7FE3 /* SBJsonParser.m in Sources */,
				53F88366150A53D6000F7FE3 /* SBJsonStreamParser.m in Sources */,
				53F88367150A53D6000F7FE3 /* SBJsonStreamParserAccumulator.m in Sources */,
				53F88368150A53D6000F7FE3 /* SBJsonStreamParserState.m in Sources */,
				53F88369150A53D6000F7FE3 /* SBJsonStreamWriter.m in Sources */,
				53F8836A150A53D6000F7FE3 /* SBJsonStreamWriterAccumulator.m in Sources */,
				53F8836B150A53D6000F7FE3 /* SBJsonStreamWriterState.m in Sources */,
				53F8836C150A53D6000F7FE3 /* SBJsonTokeniser.m in Sources */,
				53F8836D150A53D6000F7FE3 /* SBJsonUTF8Stream.m in Sources */,
				53F8836E150A53D6000F7FE3 /* SBJsonWriter.m in Sources */,
				53F88378150BD312000F7FE3 /* Record.m in Sources */,
				5361751D1510FE6A00D290F1 /* Reachability.m in Sources */,
				53D8F580151DFC7C00589D67 /* HelpViewController.m in Sources */,
				53D8F584151E0EBA00589D67 /* IterviewViewController.m in Sources */,
			);
			runOnlyForDeploymentPostprocessing = 0;
		};
/* End PBXSourcesBuildPhase section */

/* Begin PBXVariantGroup section */
		2775F55E1507D01900FE08BC /* MainStoryboard.storyboard */ = {
			isa = PBXVariantGroup;
			children = (
				2775F55F1507D01900FE08BC /* en */,
			);
			name = MainStoryboard.storyboard;
			sourceTree = "<group>";
		};
		53E0A77314DEC75D004E3E1B /* InfoPlist.strings */ = {
			isa = PBXVariantGroup;
			children = (
				53E0A77414DEC75D004E3E1B /* en */,
			);
			name = InfoPlist.strings;
			sourceTree = "<group>";
		};
/* End PBXVariantGroup section */

/* Begin XCBuildConfiguration section */
		53E0A78D14DEC75D004E3E1B /* Debug */ = {
			isa = XCBuildConfiguration;
			buildSettings = {
				ALWAYS_SEARCH_USER_PATHS = NO;
				ARCHS = "$(ARCHS_STANDARD_32_BIT)";
				CLANG_ENABLE_OBJC_ARC = YES;
				CODE_SIGN_IDENTITY = "iPhone Developer: Vladislav Efremov (MBL7632743)";
				"CODE_SIGN_IDENTITY[sdk=iphoneos*]" = "iPhone Developer: Vladislav Efremov (MBL7632743)";
				COPY_PHASE_STRIP = NO;
				GCC_C_LANGUAGE_STANDARD = gnu99;
				GCC_DYNAMIC_NO_PIC = NO;
				GCC_OPTIMIZATION_LEVEL = 0;
				GCC_PREPROCESSOR_DEFINITIONS = (
					"DEBUG=1",
					"$(inherited)",
				);
				GCC_SYMBOLS_PRIVATE_EXTERN = NO;
				GCC_VERSION = com.apple.compilers.llvm.clang.1_0;
				GCC_WARN_ABOUT_MISSING_PROTOTYPES = YES;
				GCC_WARN_ABOUT_RETURN_TYPE = YES;
				GCC_WARN_UNUSED_VARIABLE = YES;
				IPHONEOS_DEPLOYMENT_TARGET = 5.0;
				PROVISIONING_PROFILE = "945ACF9E-A880-4572-8BB2-D9BAB10DAAE6";
				"PROVISIONING_PROFILE[sdk=iphoneos*]" = "945ACF9E-A880-4572-8BB2-D9BAB10DAAE6";
				SDKROOT = iphoneos;
			};
			name = Debug;
		};
		53E0A78E14DEC75D004E3E1B /* Release */ = {
			isa = XCBuildConfiguration;
			buildSettings = {
				ALWAYS_SEARCH_USER_PATHS = NO;
				ARCHS = "$(ARCHS_STANDARD_32_BIT)";
				CLANG_ENABLE_OBJC_ARC = YES;
				CODE_SIGN_IDENTITY = "iPhone Developer: Vladislav Efremov (MBL7632743)";
				"CODE_SIGN_IDENTITY[sdk=iphoneos*]" = "iPhone Developer: Vladislav Efremov (MBL7632743)";
				COPY_PHASE_STRIP = YES;
				GCC_C_LANGUAGE_STANDARD = gnu99;
				GCC_VERSION = com.apple.compilers.llvm.clang.1_0;
				GCC_WARN_ABOUT_MISSING_PROTOTYPES = YES;
				GCC_WARN_ABOUT_RETURN_TYPE = YES;
				GCC_WARN_UNUSED_VARIABLE = YES;
				IPHONEOS_DEPLOYMENT_TARGET = 5.0;
				OTHER_CFLAGS = "-DNS_BLOCK_ASSERTIONS=1";
				PROVISIONING_PROFILE = "945ACF9E-A880-4572-8BB2-D9BAB10DAAE6";
				"PROVISIONING_PROFILE[sdk=iphoneos*]" = "945ACF9E-A880-4572-8BB2-D9BAB10DAAE6";
				SDKROOT = iphoneos;
				VALIDATE_PRODUCT = YES;
			};
			name = Release;
		};
		53E0A79014DEC75D004E3E1B /* Debug */ = {
			isa = XCBuildConfiguration;
			buildSettings = {
				CODE_SIGN_IDENTITY = "iPhone Developer: Vladislav Efremov (MBL7632743)";
				"CODE_SIGN_IDENTITY[sdk=iphoneos*]" = "iPhone Developer: Vladislav Efremov (MBL7632743)";
				GCC_PRECOMPILE_PREFIX_HEADER = YES;
				GCC_PREFIX_HEADER = "NTI/NTI-Prefix.pch";
				INFOPLIST_FILE = "NTI/NTI-Info.plist";
				PRODUCT_NAME = "$(TARGET_NAME)";
				PROVISIONING_PROFILE = "945ACF9E-A880-4572-8BB2-D9BAB10DAAE6";
				"PROVISIONING_PROFILE[sdk=iphoneos*]" = "945ACF9E-A880-4572-8BB2-D9BAB10DAAE6";
				WRAPPER_EXTENSION = app;
			};
			name = Debug;
		};
		53E0A79114DEC75D004E3E1B /* Release */ = {
			isa = XCBuildConfiguration;
			buildSettings = {
				CODE_SIGN_IDENTITY = "iPhone Developer: Vladislav Efremov (MBL7632743)";
				"CODE_SIGN_IDENTITY[sdk=iphoneos*]" = "iPhone Developer: Vladislav Efremov (MBL7632743)";
				GCC_PRECOMPILE_PREFIX_HEADER = YES;
				GCC_PREFIX_HEADER = "NTI/NTI-Prefix.pch";
				INFOPLIST_FILE = "NTI/NTI-Info.plist";
				PRODUCT_NAME = "$(TARGET_NAME)";
				PROVISIONING_PROFILE = "945ACF9E-A880-4572-8BB2-D9BAB10DAAE6";
				"PROVISIONING_PROFILE[sdk=iphoneos*]" = "945ACF9E-A880-4572-8BB2-D9BAB10DAAE6";
				WRAPPER_EXTENSION = app;
			};
			name = Release;
		};
/* End XCBuildConfiguration section */

/* Begin XCConfigurationList section */
		53E0A76014DEC75D004E3E1B /* Build configuration list for PBXProject "NTI" */ = {
			isa = XCConfigurationList;
			buildConfigurations = (
				53E0A78D14DEC75D004E3E1B /* Debug */,
				53E0A78E14DEC75D004E3E1B /* Release */,
			);
			defaultConfigurationIsVisible = 0;
			defaultConfigurationName = Release;
		};
		53E0A78F14DEC75D004E3E1B /* Build configuration list for PBXNativeTarget "NTI" */ = {
			isa = XCConfigurationList;
			buildConfigurations = (
				53E0A79014DEC75D004E3E1B /* Debug */,
				53E0A79114DEC75D004E3E1B /* Release */,
			);
			defaultConfigurationIsVisible = 0;
			defaultConfigurationName = Release;
		};
/* End XCConfigurationList section */
	};
	rootObject = 53E0A75D14DEC75D004E3E1B /* Project object */;
}
