// !$*UTF8*$!
{
	archiveVersion = 1;
	classes = {
	};
	objectVersion = 46;
	objects = {

/* Begin PBXBuildFile section */
		53E0A76B14DEC75D004E3E1B /* UIKit.framework in Frameworks */ = {isa = PBXBuildFile; fileRef = 53E0A76A14DEC75D004E3E1B /* UIKit.framework */; };
		53E0A76D14DEC75D004E3E1B /* Foundation.framework in Frameworks */ = {isa = PBXBuildFile; fileRef = 53E0A76C14DEC75D004E3E1B /* Foundation.framework */; };
		53E0A76F14DEC75D004E3E1B /* CoreGraphics.framework in Frameworks */ = {isa = PBXBuildFile; fileRef = 53E0A76E14DEC75D004E3E1B /* CoreGraphics.framework */; };
		53E0A77514DEC75D004E3E1B /* InfoPlist.strings in Resources */ = {isa = PBXBuildFile; fileRef = 53E0A77314DEC75D004E3E1B /* InfoPlist.strings */; };
		53E0A77714DEC75D004E3E1B /* main.m in Sources */ = {isa = PBXBuildFile; fileRef = 53E0A77614DEC75D004E3E1B /* main.m */; };
		53E0A77B14DEC75D004E3E1B /* AppDelegate.m in Sources */ = {isa = PBXBuildFile; fileRef = 53E0A77A14DEC75D004E3E1B /* AppDelegate.m */; };
		53E0A77E14DEC75D004E3E1B /* MainStoryboard.storyboard in Resources */ = {isa = PBXBuildFile; fileRef = 53E0A77C14DEC75D004E3E1B /* MainStoryboard.storyboard */; };
		53E0A78114DEC75D004E3E1B /* FirstViewController.m in Sources */ = {isa = PBXBuildFile; fileRef = 53E0A78014DEC75D004E3E1B /* FirstViewController.m */; };
		53E0A78314DEC75D004E3E1B /* first.png in Resources */ = {isa = PBXBuildFile; fileRef = 53E0A78214DEC75D004E3E1B /* first.png */; };
		53E0A78514DEC75D004E3E1B /* first@2x.png in Resources */ = {isa = PBXBuildFile; fileRef = 53E0A78414DEC75D004E3E1B /* first@2x.png */; };
		53E0A78814DEC75D004E3E1B /* SecondViewController.m in Sources */ = {isa = PBXBuildFile; fileRef = 53E0A78714DEC75D004E3E1B /* SecondViewController.m */; };
		53E0A78A14DEC75D004E3E1B /* second.png in Resources */ = {isa = PBXBuildFile; fileRef = 53E0A78914DEC75D004E3E1B /* second.png */; };
		53E0A78C14DEC75D004E3E1B /* second@2x.png in Resources */ = {isa = PBXBuildFile; fileRef = 53E0A78B14DEC75D004E3E1B /* second@2x.png */; };
/* End PBXBuildFile section */

/* Begin PBXFileReference section */
		53E0A76614DEC75D004E3E1B /* NTI.app */ = {isa = PBXFileReference; explicitFileType = wrapper.application; includeInIndex = 0; path = NTI.app; sourceTree = BUILT_PRODUCTS_DIR; };
		53E0A76A14DEC75D004E3E1B /* UIKit.framework */ = {isa = PBXFileReference; lastKnownFileType = wrapper.framework; name = UIKit.framework; path = System/Library/Frameworks/UIKit.framework; sourceTree = SDKROOT; };
		53E0A76C14DEC75D004E3E1B /* Foundation.framework */ = {isa = PBXFileReference; lastKnownFileType = wrapper.framework; name = Foundation.framework; path = System/Library/Frameworks/Foundation.framework; sourceTree = SDKROOT; };
		53E0A76E14DEC75D004E3E1B /* CoreGraphics.framework */ = {isa = PBXFileReference; lastKnownFileType = wrapper.framework; name = CoreGraphics.framework; path = System/Library/Frameworks/CoreGraphics.framework; sourceTree = SDKROOT; };
		53E0A77214DEC75D004E3E1B /* NTI-Info.plist */ = {isa = PBXFileReference; lastKnownFileType = text.plist.xml; path = "NTI-Info.plist"; sourceTree = "<group>"; };
		53E0A77414DEC75D004E3E1B /* en */ = {isa = PBXFileReference; lastKnownFileType = text.plist.strings; name = en; path = en.lproj/InfoPlist.strings; sourceTree = "<group>"; };
		53E0A77614DEC75D004E3E1B /* main.m */ = {isa = PBXFileReference; lastKnownFileType = sourcecode.c.objc; path = main.m; sourceTree = "<group>"; };
		53E0A77814DEC75D004E3E1B /* NTI-Prefix.pch */ = {isa = PBXFileReference; lastKnownFileType = sourcecode.c.h; path = "NTI-Prefix.pch"; sourceTree = "<group>"; };
		53E0A77914DEC75D004E3E1B /* AppDelegate.h */ = {isa = PBXFileReference; lastKnownFileType = sourcecode.c.h; path = AppDelegate.h; sourceTree = "<group>"; };
		53E0A77A14DEC75D004E3E1B /* AppDelegate.m */ = {isa = PBXFileReference; lastKnownFileType = sourcecode.c.objc; path = AppDelegate.m; sourceTree = "<group>"; };
		53E0A77D14DEC75D004E3E1B /* en */ = {isa = PBXFileReference; lastKnownFileType = file.storyboard; name = en; path = en.lproj/MainStoryboard.storyboard; sourceTree = "<group>"; };
		53E0A77F14DEC75D004E3E1B /* FirstViewController.h */ = {isa = PBXFileReference; lastKnownFileType = sourcecode.c.h; path = FirstViewController.h; sourceTree = "<group>"; };
		53E0A78014DEC75D004E3E1B /* FirstViewController.m */ = {isa = PBXFileReference; lastKnownFileType = sourcecode.c.objc; path = FirstViewController.m; sourceTree = "<group>"; };
		53E0A78214DEC75D004E3E1B /* first.png */ = {isa = PBXFileReference; lastKnownFileType = image.png; path = first.png; sourceTree = "<group>"; };
		53E0A78414DEC75D004E3E1B /* first@2x.png */ = {isa = PBXFileReference; lastKnownFileType = image.png; path = "first@2x.png"; sourceTree = "<group>"; };
		53E0A78614DEC75D004E3E1B /* SecondViewController.h */ = {isa = PBXFileReference; lastKnownFileType = sourcecode.c.h; path = SecondViewController.h; sourceTree = "<group>"; };
		53E0A78714DEC75D004E3E1B /* SecondViewController.m */ = {isa = PBXFileReference; lastKnownFileType = sourcecode.c.objc; path = SecondViewController.m; sourceTree = "<group>"; };
		53E0A78914DEC75D004E3E1B /* second.png */ = {isa = PBXFileReference; lastKnownFileType = image.png; path = second.png; sourceTree = "<group>"; };
		53E0A78B14DEC75D004E3E1B /* second@2x.png */ = {isa = PBXFileReference; lastKnownFileType = image.png; path = "second@2x.png"; sourceTree = "<group>"; };
/* End PBXFileReference section */

/* Begin PBXFrameworksBuildPhase section */
		53E0A76314DEC75D004E3E1B /* Frameworks */ = {
			isa = PBXFrameworksBuildPhase;
			buildActionMask = 2147483647;
			files = (
				53E0A76B14DEC75D004E3E1B /* UIKit.framework in Frameworks */,
				53E0A76D14DEC75D004E3E1B /* Foundation.framework in Frameworks */,
				53E0A76F14DEC75D004E3E1B /* CoreGraphics.framework in Frameworks */,
			);
			runOnlyForDeploymentPostprocessing = 0;
		};
/* End PBXFrameworksBuildPhase section */

/* Begin PBXGroup section */
		53E0A75B14DEC75D004E3E1B = {
			isa = PBXGroup;
			children = (
				53E0A77014DEC75D004E3E1B /* NTI */,
				53E0A76914DEC75D004E3E1B /* Frameworks */,
				53E0A76714DEC75D004E3E1B /* Products */,
			);
			sourceTree = "<group>";
		};
		53E0A76714DEC75D004E3E1B /* Products */ = {
			isa = PBXGroup;
			children = (
				53E0A76614DEC75D004E3E1B /* NTI.app */,
			);
			name = Products;
			sourceTree = "<group>";
		};
		53E0A76914DEC75D004E3E1B /* Frameworks */ = {
			isa = PBXGroup;
			children = (
				53E0A76A14DEC75D004E3E1B /* UIKit.framework */,
				53E0A76C14DEC75D004E3E1B /* Foundation.framework */,
				53E0A76E14DEC75D004E3E1B /* CoreGraphics.framework */,
			);
			name = Frameworks;
			sourceTree = "<group>";
		};
		53E0A77014DEC75D004E3E1B /* NTI */ = {
			isa = PBXGroup;
			children = (
				53E0A77914DEC75D004E3E1B /* AppDelegate.h */,
				53E0A77A14DEC75D004E3E1B /* AppDelegate.m */,
				53E0A77C14DEC75D004E3E1B /* MainStoryboard.storyboard */,
				53E0A77F14DEC75D004E3E1B /* FirstViewController.h */,
				53E0A78014DEC75D004E3E1B /* FirstViewController.m */,
				53E0A78214DEC75D004E3E1B /* first.png */,
				53E0A78414DEC75D004E3E1B /* first@2x.png */,
				53E0A78614DEC75D004E3E1B /* SecondViewController.h */,
				53E0A78714DEC75D004E3E1B /* SecondViewController.m */,
				53E0A78914DEC75D004E3E1B /* second.png */,
				53E0A78B14DEC75D004E3E1B /* second@2x.png */,
				53E0A77114DEC75D004E3E1B /* Supporting Files */,
			);
			path = NTI;
			sourceTree = "<group>";
		};
		53E0A77114DEC75D004E3E1B /* Supporting Files */ = {
			isa = PBXGroup;
			children = (
				53E0A77214DEC75D004E3E1B /* NTI-Info.plist */,
				53E0A77314DEC75D004E3E1B /* InfoPlist.strings */,
				53E0A77614DEC75D004E3E1B /* main.m */,
				53E0A77814DEC75D004E3E1B /* NTI-Prefix.pch */,
			);
			name = "Supporting Files";
			sourceTree = "<group>";
		};
/* End PBXGroup section */

/* Begin PBXNativeTarget section */
		53E0A76514DEC75D004E3E1B /* NTI */ = {
			isa = PBXNativeTarget;
			buildConfigurationList = 53E0A78F14DEC75D004E3E1B /* Build configuration list for PBXNativeTarget "NTI" */;
			buildPhases = (
				53E0A76214DEC75D004E3E1B /* Sources */,
				53E0A76314DEC75D004E3E1B /* Frameworks */,
				53E0A76414DEC75D004E3E1B /* Resources */,
			);
			buildRules = (
			);
			dependencies = (
			);
			name = NTI;
			productName = NTI;
			productReference = 53E0A76614DEC75D004E3E1B /* NTI.app */;
			productType = "com.apple.product-type.application";
		};
/* End PBXNativeTarget section */

/* Begin PBXProject section */
		53E0A75D14DEC75D004E3E1B /* Project object */ = {
			isa = PBXProject;
			attributes = {
				LastUpgradeCheck = 0420;
			};
			buildConfigurationList = 53E0A76014DEC75D004E3E1B /* Build configuration list for PBXProject "NTI" */;
			compatibilityVersion = "Xcode 3.2";
			developmentRegion = English;
			hasScannedForEncodings = 0;
			knownRegions = (
				en,
			);
			mainGroup = 53E0A75B14DEC75D004E3E1B;
			productRefGroup = 53E0A76714DEC75D004E3E1B /* Products */;
			projectDirPath = "";
			projectRoot = "";
			targets = (
				53E0A76514DEC75D004E3E1B /* NTI */,
			);
		};
/* End PBXProject section */

/* Begin PBXResourcesBuildPhase section */
		53E0A76414DEC75D004E3E1B /* Resources */ = {
			isa = PBXResourcesBuildPhase;
			buildActionMask = 2147483647;
			files = (
				53E0A77514DEC75D004E3E1B /* InfoPlist.strings in Resources */,
				53E0A77E14DEC75D004E3E1B /* MainStoryboard.storyboard in Resources */,
				53E0A78314DEC75D004E3E1B /* first.png in Resources */,
				53E0A78514DEC75D004E3E1B /* first@2x.png in Resources */,
				53E0A78A14DEC75D004E3E1B /* second.png in Resources */,
				53E0A78C14DEC75D004E3E1B /* second@2x.png in Resources */,
			);
			runOnlyForDeploymentPostprocessing = 0;
		};
/* End PBXResourcesBuildPhase section */

/* Begin PBXSourcesBuildPhase section */
		53E0A76214DEC75D004E3E1B /* Sources */ = {
			isa = PBXSourcesBuildPhase;
			buildActionMask = 2147483647;
			files = (
				53E0A77714DEC75D004E3E1B /* main.m in Sources */,
				53E0A77B14DEC75D004E3E1B /* AppDelegate.m in Sources */,
				53E0A78114DEC75D004E3E1B /* FirstViewController.m in Sources */,
				53E0A78814DEC75D004E3E1B /* SecondViewController.m in Sources */,
			);
			runOnlyForDeploymentPostprocessing = 0;
		};
/* End PBXSourcesBuildPhase section */

/* Begin PBXVariantGroup section */
		53E0A77314DEC75D004E3E1B /* InfoPlist.strings */ = {
			isa = PBXVariantGroup;
			children = (
				53E0A77414DEC75D004E3E1B /* en */,
			);
			name = InfoPlist.strings;
			sourceTree = "<group>";
		};
		53E0A77C14DEC75D004E3E1B /* MainStoryboard.storyboard */ = {
			isa = PBXVariantGroup;
			children = (
				53E0A77D14DEC75D004E3E1B /* en */,
			);
			name = MainStoryboard.storyboard;
			sourceTree = "<group>";
		};
/* End PBXVariantGroup section */

/* Begin XCBuildConfiguration section */
		53E0A78D14DEC75D004E3E1B /* Debug */ = {
			isa = XCBuildConfiguration;
			buildSettings = {
				ALWAYS_SEARCH_USER_PATHS = NO;
				ARCHS = "$(ARCHS_STANDARD_32_BIT)";
				CLANG_ENABLE_OBJC_ARC = YES;
				"CODE_SIGN_IDENTITY[sdk=iphoneos*]" = "iPhone Developer";
				COPY_PHASE_STRIP = NO;
				GCC_C_LANGUAGE_STANDARD = gnu99;
				GCC_DYNAMIC_NO_PIC = NO;
				GCC_OPTIMIZATION_LEVEL = 0;
				GCC_PREPROCESSOR_DEFINITIONS = (
					"DEBUG=1",
					"$(inherited)",
				);
				GCC_SYMBOLS_PRIVATE_EXTERN = NO;
				GCC_VERSION = com.apple.compilers.llvm.clang.1_0;
				GCC_WARN_ABOUT_MISSING_PROTOTYPES = YES;
				GCC_WARN_ABOUT_RETURN_TYPE = YES;
				GCC_WARN_UNUSED_VARIABLE = YES;
				IPHONEOS_DEPLOYMENT_TARGET = 5.0;
				SDKROOT = iphoneos;
			};
			name = Debug;
		};
		53E0A78E14DEC75D004E3E1B /* Release */ = {
			isa = XCBuildConfiguration;
			buildSettings = {
				ALWAYS_SEARCH_USER_PATHS = NO;
				ARCHS = "$(ARCHS_STANDARD_32_BIT)";
				CLANG_ENABLE_OBJC_ARC = YES;
				"CODE_SIGN_IDENTITY[sdk=iphoneos*]" = "iPhone Developer";
				COPY_PHASE_STRIP = YES;
				GCC_C_LANGUAGE_STANDARD = gnu99;
				GCC_VERSION = com.apple.compilers.llvm.clang.1_0;
				GCC_WARN_ABOUT_MISSING_PROTOTYPES = YES;
				GCC_WARN_ABOUT_RETURN_TYPE = YES;
				GCC_WARN_UNUSED_VARIABLE = YES;
				IPHONEOS_DEPLOYMENT_TARGET = 5.0;
				OTHER_CFLAGS = "-DNS_BLOCK_ASSERTIONS=1";
				SDKROOT = iphoneos;
				VALIDATE_PRODUCT = YES;
			};
			name = Release;
		};
		53E0A79014DEC75D004E3E1B /* Debug */ = {
			isa = XCBuildConfiguration;
			buildSettings = {
				GCC_PRECOMPILE_PREFIX_HEADER = YES;
				GCC_PREFIX_HEADER = "NTI/NTI-Prefix.pch";
				INFOPLIST_FILE = "NTI/NTI-Info.plist";
				PRODUCT_NAME = "$(TARGET_NAME)";
				WRAPPER_EXTENSION = app;
			};
			name = Debug;
		};
		53E0A79114DEC75D004E3E1B /* Release */ = {
			isa = XCBuildConfiguration;
			buildSettings = {
				GCC_PRECOMPILE_PREFIX_HEADER = YES;
				GCC_PREFIX_HEADER = "NTI/NTI-Prefix.pch";
				INFOPLIST_FILE = "NTI/NTI-Info.plist";
				PRODUCT_NAME = "$(TARGET_NAME)";
				WRAPPER_EXTENSION = app;
			};
			name = Release;
		};
/* End XCBuildConfiguration section */

/* Begin XCConfigurationList section */
		53E0A76014DEC75D004E3E1B /* Build configuration list for PBXProject "NTI" */ = {
			isa = XCConfigurationList;
			buildConfigurations = (
				53E0A78D14DEC75D004E3E1B /* Debug */,
				53E0A78E14DEC75D004E3E1B /* Release */,
			);
			defaultConfigurationIsVisible = 0;
			defaultConfigurationName = Release;
		};
		53E0A78F14DEC75D004E3E1B /* Build configuration list for PBXNativeTarget "NTI" */ = {
			isa = XCConfigurationList;
			buildConfigurations = (
				53E0A79014DEC75D004E3E1B /* Debug */,
				53E0A79114DEC75D004E3E1B /* Release */,
			);
			defaultConfigurationIsVisible = 0;
		};
/* End XCConfigurationList section */
	};
	rootObject = 53E0A75D14DEC75D004E3E1B /* Project object */;
}
