// !$*UTF8*$!
{
	archiveVersion = 1;
	classes = {
	};
	objectVersion = 46;
	objects = {

/* Begin PBXBuildFile section */
		276C4C9814DEE94D00C469A6 /* CoreMotion.framework in Frameworks */ = {isa = PBXBuildFile; fileRef = 276C4C9714DEE94D00C469A6 /* CoreMotion.framework */; };
		276C4C9B14DEF4FF00C469A6 /* DatabaseActions.m in Sources */ = {isa = PBXBuildFile; fileRef = 276C4C9A14DEF4FF00C469A6 /* DatabaseActions.m */; };
		276C4C9D14DEF66B00C469A6 /* log.sqlite in Resources */ = {isa = PBXBuildFile; fileRef = 276C4C9C14DEF66B00C469A6 /* log.sqlite */; };
		27F218B114E8238000E22C44 /* MyView.m in Sources */ = {isa = PBXBuildFile; fileRef = 27F218B014E8238000E22C44 /* MyView.m */; };
		532A46991502623A0070340D /* CSVConverter.m in Sources */ = {isa = PBXBuildFile; fileRef = 532A46981502623A0070340D /* CSVConverter.m */; };
		536E026F14F00625003A2B15 /* compass.png in Resources */ = {isa = PBXBuildFile; fileRef = 536E026E14F00625003A2B15 /* compass.png */; };
		539B29BE14F305C3007E6977 /* gps.png in Resources */ = {isa = PBXBuildFile; fileRef = 539B29BC14F305C3007E6977 /* gps.png */; };
		539B29BF14F305C3007E6977 /* north.png in Resources */ = {isa = PBXBuildFile; fileRef = 539B29BD14F305C3007E6977 /* north.png */; };
		53AAF04B14FE2CF000E12486 /* ServerCommunication.m in Sources */ = {isa = PBXBuildFile; fileRef = 53AAF04A14FE2CF000E12486 /* ServerCommunication.m */; };
		53E0A76B14DEC75D004E3E1B /* UIKit.framework in Frameworks */ = {isa = PBXBuildFile; fileRef = 53E0A76A14DEC75D004E3E1B /* UIKit.framework */; };
		53E0A76D14DEC75D004E3E1B /* Foundation.framework in Frameworks */ = {isa = PBXBuildFile; fileRef = 53E0A76C14DEC75D004E3E1B /* Foundation.framework */; };
		53E0A76F14DEC75D004E3E1B /* CoreGraphics.framework in Frameworks */ = {isa = PBXBuildFile; fileRef = 53E0A76E14DEC75D004E3E1B /* CoreGraphics.framework */; };
		53E0A77514DEC75D004E3E1B /* InfoPlist.strings in Resources */ = {isa = PBXBuildFile; fileRef = 53E0A77314DEC75D004E3E1B /* InfoPlist.strings */; };
		53E0A77714DEC75D004E3E1B /* main.m in Sources */ = {isa = PBXBuildFile; fileRef = 53E0A77614DEC75D004E3E1B /* main.m */; };
		53E0A77B14DEC75D004E3E1B /* AppDelegate.m in Sources */ = {isa = PBXBuildFile; fileRef = 53E0A77A14DEC75D004E3E1B /* AppDelegate.m */; };
		53E0A77E14DEC75D004E3E1B /* MainStoryboard.storyboard in Resources */ = {isa = PBXBuildFile; fileRef = 53E0A77C14DEC75D004E3E1B /* MainStoryboard.storyboard */; };
		53E0A78114DEC75D004E3E1B /* FirstViewController.m in Sources */ = {isa = PBXBuildFile; fileRef = 53E0A78014DEC75D004E3E1B /* FirstViewController.m */; };
		53E0A78314DEC75D004E3E1B /* first.png in Resources */ = {isa = PBXBuildFile; fileRef = 53E0A78214DEC75D004E3E1B /* first.png */; };
		53E0A78514DEC75D004E3E1B /* first@2x.png in Resources */ = {isa = PBXBuildFile; fileRef = 53E0A78414DEC75D004E3E1B /* first@2x.png */; };
		53E0A78814DEC75D004E3E1B /* SecondViewController.m in Sources */ = {isa = PBXBuildFile; fileRef = 53E0A78714DEC75D004E3E1B /* SecondViewController.m */; };
		53E0A78A14DEC75D004E3E1B /* second.png in Resources */ = {isa = PBXBuildFile; fileRef = 53E0A78914DEC75D004E3E1B /* second.png */; };
		53E0A78C14DEC75D004E3E1B /* second@2x.png in Resources */ = {isa = PBXBuildFile; fileRef = 53E0A78B14DEC75D004E3E1B /* second@2x.png */; };
		53E0A79B14DEDE37004E3E1B /* CoreLocation.framework in Frameworks */ = {isa = PBXBuildFile; fileRef = 53E0A79A14DEDE37004E3E1B /* CoreLocation.framework */; };
		53E0A79E14DEDE6F004E3E1B /* libsqlite3.0.dylib in Frameworks */ = {isa = PBXBuildFile; fileRef = 53E0A79C14DEDE6F004E3E1B /* libsqlite3.0.dylib */; };
		53E0A79F14DEDE6F004E3E1B /* libsqlite3.dylib in Frameworks */ = {isa = PBXBuildFile; fileRef = 53E0A79D14DEDE6F004E3E1B /* libsqlite3.dylib */; };
		53E0A7D314E3035A004E3E1B /* toJSON.m in Sources */ = {isa = PBXBuildFile; fileRef = 53E0A7D214E3035A004E3E1B /* toJSON.m */; };
		53E0A7D814E45247004E3E1B /* FileController.m in Sources */ = {isa = PBXBuildFile; fileRef = 53E0A7D614E45247004E3E1B /* FileController.m */; };
		53E0A7FA14E69A3A004E3E1B /* CFNetwork.framework in Frameworks */ = {isa = PBXBuildFile; fileRef = 53E0A7F914E69A3A004E3E1B /* CFNetwork.framework */; };
		53E0A81F14E6AC6F004E3E1B /* MessageUI.framework in Frameworks */ = {isa = PBXBuildFile; fileRef = 53E0A81E14E6AC6F004E3E1B /* MessageUI.framework */; };
		53E0A82914E6DC49004E3E1B /* libz.1.2.5.dylib in Frameworks */ = {isa = PBXBuildFile; fileRef = 53E0A82814E6DC49004E3E1B /* libz.1.2.5.dylib */; };
		53E0A83814E6DDEB004E3E1B /* ioapi.c in Sources */ = {isa = PBXBuildFile; fileRef = 53E0A82E14E6DDEB004E3E1B /* ioapi.c */; };
		53E0A83914E6DDEB004E3E1B /* mztools.c in Sources */ = {isa = PBXBuildFile; fileRef = 53E0A83014E6DDEB004E3E1B /* mztools.c */; };
		53E0A83A14E6DDEB004E3E1B /* unzip.c in Sources */ = {isa = PBXBuildFile; fileRef = 53E0A83214E6DDEB004E3E1B /* unzip.c */; };
		53E0A83B14E6DDEB004E3E1B /* zip.c in Sources */ = {isa = PBXBuildFile; fileRef = 53E0A83414E6DDEB004E3E1B /* zip.c */; };
		53E0A83C14E6DDEB004E3E1B /* ZipArchive.mm in Sources */ = {isa = PBXBuildFile; fileRef = 53E0A83714E6DDEB004E3E1B /* ZipArchive.mm */; };
/* End PBXBuildFile section */

/* Begin PBXFileReference section */
		276C4C9714DEE94D00C469A6 /* CoreMotion.framework */ = {isa = PBXFileReference; lastKnownFileType = wrapper.framework; name = CoreMotion.framework; path = System/Library/Frameworks/CoreMotion.framework; sourceTree = SDKROOT; };
		276C4C9914DEF4FF00C469A6 /* DatabaseActions.h */ = {isa = PBXFileReference; fileEncoding = 4; lastKnownFileType = sourcecode.c.h; path = DatabaseActions.h; sourceTree = "<group>"; };
		276C4C9A14DEF4FF00C469A6 /* DatabaseActions.m */ = {isa = PBXFileReference; fileEncoding = 4; lastKnownFileType = sourcecode.c.objc; path = DatabaseActions.m; sourceTree = "<group>"; };
		276C4C9C14DEF66B00C469A6 /* log.sqlite */ = {isa = PBXFileReference; lastKnownFileType = file; path = log.sqlite; sourceTree = "<group>"; };
		27F218AF14E8238000E22C44 /* MyView.h */ = {isa = PBXFileReference; fileEncoding = 4; lastKnownFileType = sourcecode.c.h; path = MyView.h; sourceTree = "<group>"; };
		27F218B014E8238000E22C44 /* MyView.m */ = {isa = PBXFileReference; fileEncoding = 4; lastKnownFileType = sourcecode.c.objc; path = MyView.m; sourceTree = "<group>"; };
		532A46971502623A0070340D /* CSVConverter.h */ = {isa = PBXFileReference; fileEncoding = 4; lastKnownFileType = sourcecode.c.h; path = CSVConverter.h; sourceTree = "<group>"; };
		532A46981502623A0070340D /* CSVConverter.m */ = {isa = PBXFileReference; fileEncoding = 4; lastKnownFileType = sourcecode.c.objc; path = CSVConverter.m; sourceTree = "<group>"; };
		536E026E14F00625003A2B15 /* compass.png */ = {isa = PBXFileReference; lastKnownFileType = image.png; path = compass.png; sourceTree = "<group>"; };
		539B29BC14F305C3007E6977 /* gps.png */ = {isa = PBXFileReference; lastKnownFileType = image.png; path = gps.png; sourceTree = "<group>"; };
		539B29BD14F305C3007E6977 /* north.png */ = {isa = PBXFileReference; lastKnownFileType = image.png; path = north.png; sourceTree = "<group>"; };
		53AAF04914FE2CF000E12486 /* ServerCommunication.h */ = {isa = PBXFileReference; fileEncoding = 4; lastKnownFileType = sourcecode.c.h; path = ServerCommunication.h; sourceTree = "<group>"; };
		53AAF04A14FE2CF000E12486 /* ServerCommunication.m */ = {isa = PBXFileReference; fileEncoding = 4; lastKnownFileType = sourcecode.c.objc; path = ServerCommunication.m; sourceTree = "<group>"; };
		53E0A76614DEC75D004E3E1B /* NTI.app */ = {isa = PBXFileReference; explicitFileType = wrapper.application; includeInIndex = 0; path = NTI.app; sourceTree = BUILT_PRODUCTS_DIR; };
		53E0A76A14DEC75D004E3E1B /* UIKit.framework */ = {isa = PBXFileReference; lastKnownFileType = wrapper.framework; name = UIKit.framework; path = System/Library/Frameworks/UIKit.framework; sourceTree = SDKROOT; };
		53E0A76C14DEC75D004E3E1B /* Foundation.framework */ = {isa = PBXFileReference; lastKnownFileType = wrapper.framework; name = Foundation.framework; path = System/Library/Frameworks/Foundation.framework; sourceTree = SDKROOT; };
		53E0A76E14DEC75D004E3E1B /* CoreGraphics.framework */ = {isa = PBXFileReference; lastKnownFileType = wrapper.framework; name = CoreGraphics.framework; path = System/Library/Frameworks/CoreGraphics.framework; sourceTree = SDKROOT; };
		53E0A77214DEC75D004E3E1B /* NTI-Info.plist */ = {isa = PBXFileReference; lastKnownFileType = text.plist.xml; path = "NTI-Info.plist"; sourceTree = "<group>"; };
		53E0A77414DEC75D004E3E1B /* en */ = {isa = PBXFileReference; lastKnownFileType = text.plist.strings; name = en; path = en.lproj/InfoPlist.strings; sourceTree = "<group>"; };
		53E0A77614DEC75D004E3E1B /* main.m */ = {isa = PBXFileReference; lastKnownFileType = sourcecode.c.objc; path = main.m; sourceTree = "<group>"; };
		53E0A77814DEC75D004E3E1B /* NTI-Prefix.pch */ = {isa = PBXFileReference; lastKnownFileType = sourcecode.c.h; path = "NTI-Prefix.pch"; sourceTree = "<group>"; };
		53E0A77914DEC75D004E3E1B /* AppDelegate.h */ = {isa = PBXFileReference; lastKnownFileType = sourcecode.c.h; path = AppDelegate.h; sourceTree = "<group>"; };
		53E0A77A14DEC75D004E3E1B /* AppDelegate.m */ = {isa = PBXFileReference; lastKnownFileType = sourcecode.c.objc; path = AppDelegate.m; sourceTree = "<group>"; };
		53E0A77D14DEC75D004E3E1B /* en */ = {isa = PBXFileReference; lastKnownFileType = file.storyboard; name = en; path = en.lproj/MainStoryboard.storyboard; sourceTree = "<group>"; };
		53E0A77F14DEC75D004E3E1B /* FirstViewController.h */ = {isa = PBXFileReference; lastKnownFileType = sourcecode.c.h; path = FirstViewController.h; sourceTree = "<group>"; };
		53E0A78014DEC75D004E3E1B /* FirstViewController.m */ = {isa = PBXFileReference; lastKnownFileType = sourcecode.c.objc; path = FirstViewController.m; sourceTree = "<group>"; };
		53E0A78214DEC75D004E3E1B /* first.png */ = {isa = PBXFileReference; lastKnownFileType = image.png; path = first.png; sourceTree = "<group>"; };
		53E0A78414DEC75D004E3E1B /* first@2x.png */ = {isa = PBXFileReference; lastKnownFileType = image.png; path = "first@2x.png"; sourceTree = "<group>"; };
		53E0A78614DEC75D004E3E1B /* SecondViewController.h */ = {isa = PBXFileReference; lastKnownFileType = sourcecode.c.h; path = SecondViewController.h; sourceTree = "<group>"; };
		53E0A78714DEC75D004E3E1B /* SecondViewController.m */ = {isa = PBXFileReference; lastKnownFileType = sourcecode.c.objc; path = SecondViewController.m; sourceTree = "<group>"; };
		53E0A78914DEC75D004E3E1B /* second.png */ = {isa = PBXFileReference; lastKnownFileType = image.png; path = second.png; sourceTree = "<group>"; };
		53E0A78B14DEC75D004E3E1B /* second@2x.png */ = {isa = PBXFileReference; lastKnownFileType = image.png; path = "second@2x.png"; sourceTree = "<group>"; };
		53E0A79A14DEDE37004E3E1B /* CoreLocation.framework */ = {isa = PBXFileReference; lastKnownFileType = wrapper.framework; name = CoreLocation.framework; path = System/Library/Frameworks/CoreLocation.framework; sourceTree = SDKROOT; };
		53E0A79C14DEDE6F004E3E1B /* libsqlite3.0.dylib */ = {isa = PBXFileReference; lastKnownFileType = "compiled.mach-o.dylib"; name = libsqlite3.0.dylib; path = usr/lib/libsqlite3.0.dylib; sourceTree = SDKROOT; };
		53E0A79D14DEDE6F004E3E1B /* libsqlite3.dylib */ = {isa = PBXFileReference; lastKnownFileType = "compiled.mach-o.dylib"; name = libsqlite3.dylib; path = usr/lib/libsqlite3.dylib; sourceTree = SDKROOT; };
		53E0A7D114E3035A004E3E1B /* toJSON.h */ = {isa = PBXFileReference; fileEncoding = 4; lastKnownFileType = sourcecode.c.h; path = toJSON.h; sourceTree = "<group>"; };
		53E0A7D214E3035A004E3E1B /* toJSON.m */ = {isa = PBXFileReference; fileEncoding = 4; lastKnownFileType = sourcecode.c.objc; path = toJSON.m; sourceTree = "<group>"; };
		53E0A7D614E45247004E3E1B /* FileController.m */ = {isa = PBXFileReference; fileEncoding = 4; lastKnownFileType = sourcecode.c.objc; path = FileController.m; sourceTree = "<group>"; };
		53E0A7D714E45247004E3E1B /* FileController.h */ = {isa = PBXFileReference; fileEncoding = 4; lastKnownFileType = sourcecode.c.h; path = FileController.h; sourceTree = "<group>"; };
		53E0A7F914E69A3A004E3E1B /* CFNetwork.framework */ = {isa = PBXFileReference; lastKnownFileType = wrapper.framework; name = CFNetwork.framework; path = System/Library/Frameworks/CFNetwork.framework; sourceTree = SDKROOT; };
		53E0A81E14E6AC6F004E3E1B /* MessageUI.framework */ = {isa = PBXFileReference; lastKnownFileType = wrapper.framework; name = MessageUI.framework; path = System/Library/Frameworks/MessageUI.framework; sourceTree = SDKROOT; };
		53E0A82814E6DC49004E3E1B /* libz.1.2.5.dylib */ = {isa = PBXFileReference; lastKnownFileType = "compiled.mach-o.dylib"; name = libz.1.2.5.dylib; path = usr/lib/libz.1.2.5.dylib; sourceTree = SDKROOT; };
		53E0A82D14E6DDEB004E3E1B /* crypt.h */ = {isa = PBXFileReference; fileEncoding = 4; lastKnownFileType = sourcecode.c.h; path = crypt.h; sourceTree = "<group>"; };
		53E0A82E14E6DDEB004E3E1B /* ioapi.c */ = {isa = PBXFileReference; fileEncoding = 4; lastKnownFileType = sourcecode.c.c; path = ioapi.c; sourceTree = "<group>"; };
		53E0A82F14E6DDEB004E3E1B /* ioapi.h */ = {isa = PBXFileReference; fileEncoding = 4; lastKnownFileType = sourcecode.c.h; path = ioapi.h; sourceTree = "<group>"; };
		53E0A83014E6DDEB004E3E1B /* mztools.c */ = {isa = PBXFileReference; fileEncoding = 4; lastKnownFileType = sourcecode.c.c; path = mztools.c; sourceTree = "<group>"; };
		53E0A83114E6DDEB004E3E1B /* mztools.h */ = {isa = PBXFileReference; fileEncoding = 4; lastKnownFileType = sourcecode.c.h; path = mztools.h; sourceTree = "<group>"; };
		53E0A83214E6DDEB004E3E1B /* unzip.c */ = {isa = PBXFileReference; fileEncoding = 4; lastKnownFileType = sourcecode.c.c; path = unzip.c; sourceTree = "<group>"; };
		53E0A83314E6DDEB004E3E1B /* unzip.h */ = {isa = PBXFileReference; fileEncoding = 4; lastKnownFileType = sourcecode.c.h; path = unzip.h; sourceTree = "<group>"; };
		53E0A83414E6DDEB004E3E1B /* zip.c */ = {isa = PBXFileReference; fileEncoding = 4; lastKnownFileType = sourcecode.c.c; path = zip.c; sourceTree = "<group>"; };
		53E0A83514E6DDEB004E3E1B /* zip.h */ = {isa = PBXFileReference; fileEncoding = 4; lastKnownFileType = sourcecode.c.h; path = zip.h; sourceTree = "<group>"; };
		53E0A83614E6DDEB004E3E1B /* ZipArchive.h */ = {isa = PBXFileReference; fileEncoding = 4; lastKnownFileType = sourcecode.c.h; path = ZipArchive.h; sourceTree = "<group>"; };
		53E0A83714E6DDEB004E3E1B /* ZipArchive.mm */ = {isa = PBXFileReference; fileEncoding = 4; lastKnownFileType = sourcecode.cpp.objcpp; path = ZipArchive.mm; sourceTree = "<group>"; };
/* End PBXFileReference section */

/* Begin PBXFrameworksBuildPhase section */
		53E0A76314DEC75D004E3E1B /* Frameworks */ = {
			isa = PBXFrameworksBuildPhase;
			buildActionMask = 2147483647;
			files = (
				53E0A82914E6DC49004E3E1B /* libz.1.2.5.dylib in Frameworks */,
				53E0A81F14E6AC6F004E3E1B /* MessageUI.framework in Frameworks */,
				53E0A7FA14E69A3A004E3E1B /* CFNetwork.framework in Frameworks */,
				276C4C9814DEE94D00C469A6 /* CoreMotion.framework in Frameworks */,
				53E0A79E14DEDE6F004E3E1B /* libsqlite3.0.dylib in Frameworks */,
				53E0A79F14DEDE6F004E3E1B /* libsqlite3.dylib in Frameworks */,
				53E0A79B14DEDE37004E3E1B /* CoreLocation.framework in Frameworks */,
				53E0A76B14DEC75D004E3E1B /* UIKit.framework in Frameworks */,
				53E0A76D14DEC75D004E3E1B /* Foundation.framework in Frameworks */,
				53E0A76F14DEC75D004E3E1B /* CoreGraphics.framework in Frameworks */,
			);
			runOnlyForDeploymentPostprocessing = 0;
		};
/* End PBXFrameworksBuildPhase section */

/* Begin PBXGroup section */
		276C4C9014DEE6D500C469A6 /* ViewControllers */ = {
			isa = PBXGroup;
			children = (
				53E0A77F14DEC75D004E3E1B /* FirstViewController.h */,
				53E0A78014DEC75D004E3E1B /* FirstViewController.m */,
				53E0A78614DEC75D004E3E1B /* SecondViewController.h */,
				53E0A78714DEC75D004E3E1B /* SecondViewController.m */,
				27F218AF14E8238000E22C44 /* MyView.h */,
				27F218B014E8238000E22C44 /* MyView.m */,
			);
			name = ViewControllers;
			sourceTree = "<group>";
		};
		276C4C9214DEE6EA00C469A6 /* Images */ = {
			isa = PBXGroup;
			children = (
				539B29BC14F305C3007E6977 /* gps.png */,
				539B29BD14F305C3007E6977 /* north.png */,
				536E026E14F00625003A2B15 /* compass.png */,
				53E0A78214DEC75D004E3E1B /* first.png */,
				53E0A78414DEC75D004E3E1B /* first@2x.png */,
				53E0A78914DEC75D004E3E1B /* second.png */,
				53E0A78B14DEC75D004E3E1B /* second@2x.png */,
			);
			name = Images;
			sourceTree = "<group>";
		};
		532A46951502621A0070340D /* CSV */ = {
			isa = PBXGroup;
			children = (
				532A46971502623A0070340D /* CSVConverter.h */,
				532A46981502623A0070340D /* CSVConverter.m */,
			);
			name = CSV;
			sourceTree = "<group>";
		};
		53AAF04314FE26D700E12486 /* ServerCommunication */ = {
			isa = PBXGroup;
			children = (
				53AAF04914FE2CF000E12486 /* ServerCommunication.h */,
				53AAF04A14FE2CF000E12486 /* ServerCommunication.m */,
			);
			name = ServerCommunication;
			sourceTree = "<group>";
		};
		53E0A75B14DEC75D004E3E1B = {
			isa = PBXGroup;
			children = (
				53E0A77014DEC75D004E3E1B /* NTI */,
				53E0A76914DEC75D004E3E1B /* Frameworks */,
				53E0A76714DEC75D004E3E1B /* Products */,
			);
			sourceTree = "<group>";
		};
		53E0A76714DEC75D004E3E1B /* Products */ = {
			isa = PBXGroup;
			children = (
				53E0A76614DEC75D004E3E1B /* NTI.app */,
			);
			name = Products;
			sourceTree = "<group>";
		};
		53E0A76914DEC75D004E3E1B /* Frameworks */ = {
			isa = PBXGroup;
			children = (
				53E0A82814E6DC49004E3E1B /* libz.1.2.5.dylib */,
				53E0A81E14E6AC6F004E3E1B /* MessageUI.framework */,
				53E0A7F914E69A3A004E3E1B /* CFNetwork.framework */,
				276C4C9714DEE94D00C469A6 /* CoreMotion.framework */,
				53E0A79A14DEDE37004E3E1B /* CoreLocation.framework */,
				53E0A76A14DEC75D004E3E1B /* UIKit.framework */,
				53E0A76C14DEC75D004E3E1B /* Foundation.framework */,
				53E0A76E14DEC75D004E3E1B /* CoreGraphics.framework */,
			);
			name = Frameworks;
			sourceTree = "<group>";
		};
		53E0A77014DEC75D004E3E1B /* NTI */ = {
			isa = PBXGroup;
			children = (
				532A46951502621A0070340D /* CSV */,
				53AAF04314FE26D700E12486 /* ServerCommunication */,
				53E0A82B14E6DDEB004E3E1B /* ZipArchive */,
				53E0A7D514E4522B004E3E1B /* FileController */,
				53E0A7D414E30385004E3E1B /* JSON */,
				53E0A7A014DEDE75004E3E1B /* DataBase */,
				53E0A77914DEC75D004E3E1B /* AppDelegate.h */,
				53E0A77A14DEC75D004E3E1B /* AppDelegate.m */,
				53E0A77C14DEC75D004E3E1B /* MainStoryboard.storyboard */,
				276C4C9014DEE6D500C469A6 /* ViewControllers */,
				276C4C9214DEE6EA00C469A6 /* Images */,
				53E0A77114DEC75D004E3E1B /* Supporting Files */,
			);
			path = NTI;
			sourceTree = "<group>";
		};
		53E0A77114DEC75D004E3E1B /* Supporting Files */ = {
			isa = PBXGroup;
			children = (
				53E0A77214DEC75D004E3E1B /* NTI-Info.plist */,
				53E0A77314DEC75D004E3E1B /* InfoPlist.strings */,
				53E0A77614DEC75D004E3E1B /* main.m */,
				53E0A77814DEC75D004E3E1B /* NTI-Prefix.pch */,
			);
			name = "Supporting Files";
			sourceTree = "<group>";
		};
		53E0A7A014DEDE75004E3E1B /* DataBase */ = {
			isa = PBXGroup;
			children = (
				276C4C9C14DEF66B00C469A6 /* log.sqlite */,
				276C4C9914DEF4FF00C469A6 /* DatabaseActions.h */,
				276C4C9A14DEF4FF00C469A6 /* DatabaseActions.m */,
				53E0A79C14DEDE6F004E3E1B /* libsqlite3.0.dylib */,
				53E0A79D14DEDE6F004E3E1B /* libsqlite3.dylib */,
			);
			name = DataBase;
			sourceTree = "<group>";
		};
		53E0A7D414E30385004E3E1B /* JSON */ = {
			isa = PBXGroup;
			children = (
				53E0A7D114E3035A004E3E1B /* toJSON.h */,
				53E0A7D214E3035A004E3E1B /* toJSON.m */,
			);
			name = JSON;
			sourceTree = "<group>";
		};
		53E0A7D514E4522B004E3E1B /* FileController */ = {
			isa = PBXGroup;
			children = (
				53E0A7D614E45247004E3E1B /* FileController.m */,
				53E0A7D714E45247004E3E1B /* FileController.h */,
			);
			name = FileController;
			sourceTree = "<group>";
		};
		53E0A82B14E6DDEB004E3E1B /* ZipArchive */ = {
			isa = PBXGroup;
			children = (
				53E0A82C14E6DDEB004E3E1B /* minizip */,
				53E0A83614E6DDEB004E3E1B /* ZipArchive.h */,
				53E0A83714E6DDEB004E3E1B /* ZipArchive.mm */,
			);
			path = ZipArchive;
			sourceTree = "<group>";
		};
		53E0A82C14E6DDEB004E3E1B /* minizip */ = {
			isa = PBXGroup;
			children = (
				53E0A82D14E6DDEB004E3E1B /* crypt.h */,
				53E0A82E14E6DDEB004E3E1B /* ioapi.c */,
				53E0A82F14E6DDEB004E3E1B /* ioapi.h */,
				53E0A83014E6DDEB004E3E1B /* mztools.c */,
				53E0A83114E6DDEB004E3E1B /* mztools.h */,
				53E0A83214E6DDEB004E3E1B /* unzip.c */,
				53E0A83314E6DDEB004E3E1B /* unzip.h */,
				53E0A83414E6DDEB004E3E1B /* zip.c */,
				53E0A83514E6DDEB004E3E1B /* zip.h */,
			);
			path = minizip;
			sourceTree = "<group>";
		};
/* End PBXGroup section */

/* Begin PBXNativeTarget section */
		53E0A76514DEC75D004E3E1B /* NTI */ = {
			isa = PBXNativeTarget;
			buildConfigurationList = 53E0A78F14DEC75D004E3E1B /* Build configuration list for PBXNativeTarget "NTI" */;
			buildPhases = (
				53E0A76214DEC75D004E3E1B /* Sources */,
				53E0A76314DEC75D004E3E1B /* Frameworks */,
				53E0A76414DEC75D004E3E1B /* Resources */,
			);
			buildRules = (
			);
			dependencies = (
			);
			name = NTI;
			productName = NTI;
			productReference = 53E0A76614DEC75D004E3E1B /* NTI.app */;
			productType = "com.apple.product-type.application";
		};
/* End PBXNativeTarget section */

/* Begin PBXProject section */
		53E0A75D14DEC75D004E3E1B /* Project object */ = {
			isa = PBXProject;
			attributes = {
				LastUpgradeCheck = 0420;
			};
			buildConfigurationList = 53E0A76014DEC75D004E3E1B /* Build configuration list for PBXProject "NTI" */;
			compatibilityVersion = "Xcode 3.2";
			developmentRegion = English;
			hasScannedForEncodings = 0;
			knownRegions = (
				en,
			);
			mainGroup = 53E0A75B14DEC75D004E3E1B;
			productRefGroup = 53E0A76714DEC75D004E3E1B /* Products */;
			projectDirPath = "";
			projectRoot = "";
			targets = (
				53E0A76514DEC75D004E3E1B /* NTI */,
			);
		};
/* End PBXProject section */

/* Begin PBXResourcesBuildPhase section */
		53E0A76414DEC75D004E3E1B /* Resources */ = {
			isa = PBXResourcesBuildPhase;
			buildActionMask = 2147483647;
			files = (
				53E0A77514DEC75D004E3E1B /* InfoPlist.strings in Resources */,
				53E0A77E14DEC75D004E3E1B /* MainStoryboard.storyboard in Resources */,
				53E0A78314DEC75D004E3E1B /* first.png in Resources */,
				53E0A78514DEC75D004E3E1B /* first@2x.png in Resources */,
				53E0A78A14DEC75D004E3E1B /* second.png in Resources */,
				53E0A78C14DEC75D004E3E1B /* second@2x.png in Resources */,
				276C4C9D14DEF66B00C469A6 /* log.sqlite in Resources */,
				536E026F14F00625003A2B15 /* compass.png in Resources */,
				539B29BE14F305C3007E6977 /* gps.png in Resources */,
				539B29BF14F305C3007E6977 /* north.png in Resources */,
			);
			runOnlyForDeploymentPostprocessing = 0;
		};
/* End PBXResourcesBuildPhase section */

/* Begin PBXSourcesBuildPhase section */
		53E0A76214DEC75D004E3E1B /* Sources */ = {
			isa = PBXSourcesBuildPhase;
			buildActionMask = 2147483647;
			files = (
				53E0A77714DEC75D004E3E1B /* main.m in Sources */,
				53E0A77B14DEC75D004E3E1B /* AppDelegate.m in Sources */,
				53E0A78114DEC75D004E3E1B /* FirstViewController.m in Sources */,
				53E0A78814DEC75D004E3E1B /* SecondViewController.m in Sources */,
				276C4C9B14DEF4FF00C469A6 /* DatabaseActions.m in Sources */,
				53E0A7D314E3035A004E3E1B /* toJSON.m in Sources */,
				53E0A7D814E45247004E3E1B /* FileController.m in Sources */,
				53E0A83814E6DDEB004E3E1B /* ioapi.c in Sources */,
				53E0A83914E6DDEB004E3E1B /* mztools.c in Sources */,
				53E0A83A14E6DDEB004E3E1B /* unzip.c in Sources */,
				53E0A83B14E6DDEB004E3E1B /* zip.c in Sources */,
				53E0A83C14E6DDEB004E3E1B /* ZipArchive.mm in Sources */,
				27F218B114E8238000E22C44 /* MyView.m in Sources */,
				53AAF04B14FE2CF000E12486 /* ServerCommunication.m in Sources */,
				532A46991502623A0070340D /* CSVConverter.m in Sources */,
			);
			runOnlyForDeploymentPostprocessing = 0;
		};
/* End PBXSourcesBuildPhase section */

/* Begin PBXVariantGroup section */
		53E0A77314DEC75D004E3E1B /* InfoPlist.strings */ = {
			isa = PBXVariantGroup;
			children = (
				53E0A77414DEC75D004E3E1B /* en */,
			);
			name = InfoPlist.strings;
			sourceTree = "<group>";
		};
		53E0A77C14DEC75D004E3E1B /* MainStoryboard.storyboard */ = {
			isa = PBXVariantGroup;
			children = (
				53E0A77D14DEC75D004E3E1B /* en */,
			);
			name = MainStoryboard.storyboard;
			sourceTree = "<group>";
		};
/* End PBXVariantGroup section */

/* Begin XCBuildConfiguration section */
		53E0A78D14DEC75D004E3E1B /* Debug */ = {
			isa = XCBuildConfiguration;
			buildSettings = {
				ALWAYS_SEARCH_USER_PATHS = NO;
				ARCHS = "$(ARCHS_STANDARD_32_BIT)";
				CLANG_ENABLE_OBJC_ARC = YES;
				"CODE_SIGN_IDENTITY[sdk=iphoneos*]" = "iPhone Developer";
				COPY_PHASE_STRIP = NO;
				GCC_C_LANGUAGE_STANDARD = gnu99;
				GCC_DYNAMIC_NO_PIC = NO;
				GCC_OPTIMIZATION_LEVEL = 0;
				GCC_PREPROCESSOR_DEFINITIONS = (
					"DEBUG=1",
					"$(inherited)",
				);
				GCC_SYMBOLS_PRIVATE_EXTERN = NO;
				GCC_VERSION = com.apple.compilers.llvm.clang.1_0;
				GCC_WARN_ABOUT_MISSING_PROTOTYPES = YES;
				GCC_WARN_ABOUT_RETURN_TYPE = YES;
				GCC_WARN_UNUSED_VARIABLE = YES;
				IPHONEOS_DEPLOYMENT_TARGET = 5.0;
				SDKROOT = iphoneos;
			};
			name = Debug;
		};
		53E0A78E14DEC75D004E3E1B /* Release */ = {
			isa = XCBuildConfiguration;
			buildSettings = {
				ALWAYS_SEARCH_USER_PATHS = NO;
				ARCHS = "$(ARCHS_STANDARD_32_BIT)";
				CLANG_ENABLE_OBJC_ARC = YES;
				"CODE_SIGN_IDENTITY[sdk=iphoneos*]" = "iPhone Developer";
				COPY_PHASE_STRIP = YES;
				GCC_C_LANGUAGE_STANDARD = gnu99;
				GCC_VERSION = com.apple.compilers.llvm.clang.1_0;
				GCC_WARN_ABOUT_MISSING_PROTOTYPES = YES;
				GCC_WARN_ABOUT_RETURN_TYPE = YES;
				GCC_WARN_UNUSED_VARIABLE = YES;
				IPHONEOS_DEPLOYMENT_TARGET = 5.0;
				OTHER_CFLAGS = "-DNS_BLOCK_ASSERTIONS=1";
				SDKROOT = iphoneos;
				VALIDATE_PRODUCT = YES;
			};
			name = Release;
		};
		53E0A79014DEC75D004E3E1B /* Debug */ = {
			isa = XCBuildConfiguration;
			buildSettings = {
				GCC_PRECOMPILE_PREFIX_HEADER = YES;
				GCC_PREFIX_HEADER = "NTI/NTI-Prefix.pch";
				INFOPLIST_FILE = "NTI/NTI-Info.plist";
				PRODUCT_NAME = "$(TARGET_NAME)";
				WRAPPER_EXTENSION = app;
			};
			name = Debug;
		};
		53E0A79114DEC75D004E3E1B /* Release */ = {
			isa = XCBuildConfiguration;
			buildSettings = {
				GCC_PRECOMPILE_PREFIX_HEADER = YES;
				GCC_PREFIX_HEADER = "NTI/NTI-Prefix.pch";
				INFOPLIST_FILE = "NTI/NTI-Info.plist";
				PRODUCT_NAME = "$(TARGET_NAME)";
				WRAPPER_EXTENSION = app;
			};
			name = Release;
		};
/* End XCBuildConfiguration section */

/* Begin XCConfigurationList section */
		53E0A76014DEC75D004E3E1B /* Build configuration list for PBXProject "NTI" */ = {
			isa = XCConfigurationList;
			buildConfigurations = (
				53E0A78D14DEC75D004E3E1B /* Debug */,
				53E0A78E14DEC75D004E3E1B /* Release */,
			);
			defaultConfigurationIsVisible = 0;
			defaultConfigurationName = Release;
		};
		53E0A78F14DEC75D004E3E1B /* Build configuration list for PBXNativeTarget "NTI" */ = {
			isa = XCConfigurationList;
			buildConfigurations = (
				53E0A79014DEC75D004E3E1B /* Debug */,
				53E0A79114DEC75D004E3E1B /* Release */,
			);
			defaultConfigurationIsVisible = 0;
			defaultConfigurationName = Release;
		};
/* End XCConfigurationList section */
	};
	rootObject = 53E0A75D14DEC75D004E3E1B /* Project object */;
}
